// !$*UTF8*$!
{
	archiveVersion = 1;
	classes = {
	};
	objectVersion = 46;
	objects = {

/* Begin PBXBuildFile section */
		1548BF11BCD84E649EDCCD73 /* libPods.a in Frameworks */ = {isa = PBXBuildFile; fileRef = CE4BD7BE5CA74542BC9D323E /* libPods.a */; };
		30003D7519C9CC1B0010A13F /* LMComBoxView.m in Sources */ = {isa = PBXBuildFile; fileRef = 30003D7219C9CC1B0010A13F /* LMComBoxView.m */; };
		30003D7619C9CC1B0010A13F /* LMContainsLMComboxScrollView.m in Sources */ = {isa = PBXBuildFile; fileRef = 30003D7419C9CC1B0010A13F /* LMContainsLMComboxScrollView.m */; };
		30003D7919C9D97D0010A13F /* DFCustomTableViewCell.m in Sources */ = {isa = PBXBuildFile; fileRef = 30003D7819C9D97D0010A13F /* DFCustomTableViewCell.m */; };
		30003D7C19CACA890010A13F /* DFSendQBVC.m in Sources */ = {isa = PBXBuildFile; fileRef = 30003D7B19CACA890010A13F /* DFSendQBVC.m */; };
		30003D7F19CADFFD0010A13F /* DFQBDetailVC.m in Sources */ = {isa = PBXBuildFile; fileRef = 30003D7E19CADFFD0010A13F /* DFQBDetailVC.m */; };
		3005DB4E19C586DD008591A2 /* DFQSBKVC.m in Sources */ = {isa = PBXBuildFile; fileRef = 3005DB4D19C586DD008591A2 /* DFQSBKVC.m */; };
		3005DB5119C598BF008591A2 /* DFLoginVC.m in Sources */ = {isa = PBXBuildFile; fileRef = 3005DB5019C598BF008591A2 /* DFLoginVC.m */; };
		3005DB5419C5995C008591A2 /* DFRegisterVC.m in Sources */ = {isa = PBXBuildFile; fileRef = 3005DB5319C5995C008591A2 /* DFRegisterVC.m */; };
		3006D41819F5370100BBAC5D /* DFShoppingBuyVC.m in Sources */ = {isa = PBXBuildFile; fileRef = 3006D41719F5370100BBAC5D /* DFShoppingBuyVC.m */; };
		3006D41B19F5500800BBAC5D /* DFTopInfoVC.m in Sources */ = {isa = PBXBuildFile; fileRef = 3006D41A19F5500800BBAC5D /* DFTopInfoVC.m */; };
		301A603C19D7EDF00050DBDE /* QRadioButton.m in Sources */ = {isa = PBXBuildFile; fileRef = 301A603719D7EDF00050DBDE /* QRadioButton.m */; settings = {COMPILER_FLAGS = "-fno-objc-arc"; }; };
		301A603D19D7EDF00050DBDE /* radio_checked.png in Resources */ = {isa = PBXBuildFile; fileRef = 301A603819D7EDF00050DBDE /* radio_checked.png */; };
		301A603E19D7EDF00050DBDE /* radio_checked@2x.png in Resources */ = {isa = PBXBuildFile; fileRef = 301A603919D7EDF00050DBDE /* radio_checked@2x.png */; };
		301A603F19D7EDF00050DBDE /* radio_unchecked.png in Resources */ = {isa = PBXBuildFile; fileRef = 301A603A19D7EDF00050DBDE /* radio_unchecked.png */; };
		301A604019D7EDF00050DBDE /* radio_unchecked@2x.png in Resources */ = {isa = PBXBuildFile; fileRef = 301A603B19D7EDF00050DBDE /* radio_unchecked@2x.png */; };
		301A604419EB9ED00050DBDE /* PopoverView.m in Sources */ = {isa = PBXBuildFile; fileRef = 301A604319EB9ED00050DBDE /* PopoverView.m */; };
		30A0EEC719F7F93200DAD260 /* DFQBMessageVC.m in Sources */ = {isa = PBXBuildFile; fileRef = 30A0EEC619F7F93200DAD260 /* DFQBMessageVC.m */; };
		30A412A619CEB636006AE94D /* DFChildVC.m in Sources */ = {isa = PBXBuildFile; fileRef = 30A412A519CEB636006AE94D /* DFChildVC.m */; };
		30AF174919F404BF00B086A6 /* DFShoppingDetailVC.m in Sources */ = {isa = PBXBuildFile; fileRef = 30AF174819F404BF00B086A6 /* DFShoppingDetailVC.m */; };
		30AF176819F413D300B086A6 /* MKAnnotationView+WebCache.m in Sources */ = {isa = PBXBuildFile; fileRef = 30AF174C19F413D300B086A6 /* MKAnnotationView+WebCache.m */; };
		30AF176919F413D300B086A6 /* NSData+ImageContentType.m in Sources */ = {isa = PBXBuildFile; fileRef = 30AF174E19F413D300B086A6 /* NSData+ImageContentType.m */; };
		30AF176A19F413D300B086A6 /* SDImageCache.m in Sources */ = {isa = PBXBuildFile; fileRef = 30AF175019F413D300B086A6 /* SDImageCache.m */; };
		30AF176B19F413D300B086A6 /* SDWebImageCompat.m in Sources */ = {isa = PBXBuildFile; fileRef = 30AF175219F413D300B086A6 /* SDWebImageCompat.m */; };
		30AF176C19F413D300B086A6 /* SDWebImageDecoder.m in Sources */ = {isa = PBXBuildFile; fileRef = 30AF175419F413D300B086A6 /* SDWebImageDecoder.m */; };
		30AF176D19F413D300B086A6 /* SDWebImageDownloader.m in Sources */ = {isa = PBXBuildFile; fileRef = 30AF175619F413D300B086A6 /* SDWebImageDownloader.m */; };
		30AF176E19F413D300B086A6 /* SDWebImageDownloaderOperation.m in Sources */ = {isa = PBXBuildFile; fileRef = 30AF175819F413D300B086A6 /* SDWebImageDownloaderOperation.m */; };
		30AF176F19F413D300B086A6 /* SDWebImageManager.m in Sources */ = {isa = PBXBuildFile; fileRef = 30AF175A19F413D300B086A6 /* SDWebImageManager.m */; };
		30AF177019F413D300B086A6 /* SDWebImagePrefetcher.m in Sources */ = {isa = PBXBuildFile; fileRef = 30AF175D19F413D300B086A6 /* SDWebImagePrefetcher.m */; };
		30AF177119F413D300B086A6 /* UIButton+WebCache.m in Sources */ = {isa = PBXBuildFile; fileRef = 30AF175F19F413D300B086A6 /* UIButton+WebCache.m */; };
		30AF177219F413D300B086A6 /* UIImage+GIF.m in Sources */ = {isa = PBXBuildFile; fileRef = 30AF176119F413D300B086A6 /* UIImage+GIF.m */; };
		30AF177319F413D300B086A6 /* UIImage+MultiFormat.m in Sources */ = {isa = PBXBuildFile; fileRef = 30AF176319F413D300B086A6 /* UIImage+MultiFormat.m */; };
		30AF177419F413D300B086A6 /* UIImage+WebP.m in Sources */ = {isa = PBXBuildFile; fileRef = 30AF176519F413D300B086A6 /* UIImage+WebP.m */; };
		30AF177519F413D300B086A6 /* UIImageView+WebCache.m in Sources */ = {isa = PBXBuildFile; fileRef = 30AF176719F413D300B086A6 /* UIImageView+WebCache.m */; };
		30B9F65919CEDBFD00335DF0 /* DFSendVC.m in Sources */ = {isa = PBXBuildFile; fileRef = 30B9F65819CEDBFD00335DF0 /* DFSendVC.m */; };
		30B9F65C19D060FF00335DF0 /* DFSelectFatherCateVC.m in Sources */ = {isa = PBXBuildFile; fileRef = 30B9F65B19D060FF00335DF0 /* DFSelectFatherCateVC.m */; };
		30B9F65F19D0611500335DF0 /* DFSelectChildCateVC.m in Sources */ = {isa = PBXBuildFile; fileRef = 30B9F65E19D0611500335DF0 /* DFSelectChildCateVC.m */; };
		30C4A41919B5FF74006B9E0D /* Foundation.framework in Frameworks */ = {isa = PBXBuildFile; fileRef = 30C4A41819B5FF74006B9E0D /* Foundation.framework */; };
		30C4A41B19B5FF74006B9E0D /* CoreGraphics.framework in Frameworks */ = {isa = PBXBuildFile; fileRef = 30C4A41A19B5FF74006B9E0D /* CoreGraphics.framework */; };
		30C4A41D19B5FF74006B9E0D /* UIKit.framework in Frameworks */ = {isa = PBXBuildFile; fileRef = 30C4A41C19B5FF74006B9E0D /* UIKit.framework */; };
		30C4A42319B5FF74006B9E0D /* InfoPlist.strings in Resources */ = {isa = PBXBuildFile; fileRef = 30C4A42119B5FF74006B9E0D /* InfoPlist.strings */; };
		30C4A42519B5FF74006B9E0D /* main.m in Sources */ = {isa = PBXBuildFile; fileRef = 30C4A42419B5FF74006B9E0D /* main.m */; };
		30C4A42919B5FF74006B9E0D /* DFAppDelegate.m in Sources */ = {isa = PBXBuildFile; fileRef = 30C4A42819B5FF74006B9E0D /* DFAppDelegate.m */; };
		30C4A42C19B5FF74006B9E0D /* Main.storyboard in Resources */ = {isa = PBXBuildFile; fileRef = 30C4A42A19B5FF74006B9E0D /* Main.storyboard */; };
		30C4A42F19B5FF74006B9E0D /* DFViewController.m in Sources */ = {isa = PBXBuildFile; fileRef = 30C4A42E19B5FF74006B9E0D /* DFViewController.m */; };
		30C4A43819B5FF74006B9E0D /* XCTest.framework in Frameworks */ = {isa = PBXBuildFile; fileRef = 30C4A43719B5FF74006B9E0D /* XCTest.framework */; };
		30C4A43919B5FF74006B9E0D /* Foundation.framework in Frameworks */ = {isa = PBXBuildFile; fileRef = 30C4A41819B5FF74006B9E0D /* Foundation.framework */; };
		30C4A43A19B5FF74006B9E0D /* UIKit.framework in Frameworks */ = {isa = PBXBuildFile; fileRef = 30C4A41C19B5FF74006B9E0D /* UIKit.framework */; };
		30C4A44219B5FF74006B9E0D /* InfoPlist.strings in Resources */ = {isa = PBXBuildFile; fileRef = 30C4A44019B5FF74006B9E0D /* InfoPlist.strings */; };
		30C4A44419B5FF74006B9E0D /* df360Tests.m in Sources */ = {isa = PBXBuildFile; fileRef = 30C4A44319B5FF74006B9E0D /* df360Tests.m */; };
		30C4A44F19B60691006B9E0D /* DFUserCenterVC.m in Sources */ = {isa = PBXBuildFile; fileRef = 30C4A44E19B60691006B9E0D /* DFUserCenterVC.m */; };
		30C4A45219B60872006B9E0D /* DFTodayShoppingVC.m in Sources */ = {isa = PBXBuildFile; fileRef = 30C4A45119B60872006B9E0D /* DFTodayShoppingVC.m */; };
		30C4A45519B60897006B9E0D /* DFSettingVC.m in Sources */ = {isa = PBXBuildFile; fileRef = 30C4A45419B60897006B9E0D /* DFSettingVC.m */; };
		30CDABDE19FF62A900DF66F3 /* Images.xcassets in Resources */ = {isa = PBXBuildFile; fileRef = 30CDABDD19FF62A900DF66F3 /* Images.xcassets */; };
		30CDABE119FF722B00DF66F3 /* DFGetIntegral.m in Sources */ = {isa = PBXBuildFile; fileRef = 30CDABE019FF722B00DF66F3 /* DFGetIntegral.m */; };
		30CDABE419FF8F0700DF66F3 /* photoCell.m in Sources */ = {isa = PBXBuildFile; fileRef = 30CDABE319FF8F0700DF66F3 /* photoCell.m */; };
		30CDABE61A00750E00DF66F3 /* AssetsLibrary.framework in Frameworks */ = {isa = PBXBuildFile; fileRef = 30CDABE51A00750E00DF66F3 /* AssetsLibrary.framework */; };
		30D36F3919B8AD9C00AED275 /* DFToolView.m in Sources */ = {isa = PBXBuildFile; fileRef = 30D36F3819B8AD9C00AED275 /* DFToolView.m */; };
		30D6320019D2E7D100FD3706 /* DFChildDetailVC.m in Sources */ = {isa = PBXBuildFile; fileRef = 30D631FF19D2E7D100FD3706 /* DFChildDetailVC.m */; };
		30D79A0A19C5BA27007F110D /* DFToolClass.m in Sources */ = {isa = PBXBuildFile; fileRef = 30D79A0919C5BA27007F110D /* DFToolClass.m */; };
		30D79A0D19C5C5D2007F110D /* DFRequestUrl.m in Sources */ = {isa = PBXBuildFile; fileRef = 30D79A0C19C5C5D2007F110D /* DFRequestUrl.m */; };
		30D79A2019C6B70C007F110D /* FMDatabase.m in Sources */ = {isa = PBXBuildFile; fileRef = 30D79A1719C6B70C007F110D /* FMDatabase.m */; };
		30D79A2119C6B70C007F110D /* FMDatabaseAdditions.m in Sources */ = {isa = PBXBuildFile; fileRef = 30D79A1919C6B70C007F110D /* FMDatabaseAdditions.m */; };
		30D79A2219C6B70C007F110D /* FMDatabasePool.m in Sources */ = {isa = PBXBuildFile; fileRef = 30D79A1B19C6B70C007F110D /* FMDatabasePool.m */; };
		30D79A2319C6B70C007F110D /* FMDatabaseQueue.m in Sources */ = {isa = PBXBuildFile; fileRef = 30D79A1D19C6B70C007F110D /* FMDatabaseQueue.m */; };
		30D79A2419C6B70C007F110D /* FMResultSet.m in Sources */ = {isa = PBXBuildFile; fileRef = 30D79A1F19C6B70C007F110D /* FMResultSet.m */; };
		30D79A3619C6B71B007F110D /* blackArrow.png in Resources */ = {isa = PBXBuildFile; fileRef = 30D79A2619C6B71B007F110D /* blackArrow.png */; };
		30D79A3719C6B71B007F110D /* blackArrow@2x.png in Resources */ = {isa = PBXBuildFile; fileRef = 30D79A2719C6B71B007F110D /* blackArrow@2x.png */; };
		30D79A3819C6B71B007F110D /* blueArrow.png in Resources */ = {isa = PBXBuildFile; fileRef = 30D79A2819C6B71B007F110D /* blueArrow.png */; };
		30D79A3919C6B71B007F110D /* blueArrow@2x.png in Resources */ = {isa = PBXBuildFile; fileRef = 30D79A2919C6B71B007F110D /* blueArrow@2x.png */; };
		30D79A3A19C6B71B007F110D /* grayArrow.png in Resources */ = {isa = PBXBuildFile; fileRef = 30D79A2A19C6B71B007F110D /* grayArrow.png */; };
		30D79A3B19C6B71B007F110D /* grayArrow@2x.png in Resources */ = {isa = PBXBuildFile; fileRef = 30D79A2B19C6B71B007F110D /* grayArrow@2x.png */; };
		30D79A3C19C6B71B007F110D /* loading_icon.png in Resources */ = {isa = PBXBuildFile; fileRef = 30D79A2C19C6B71B007F110D /* loading_icon.png */; };
		30D79A3D19C6B71B007F110D /* loading_icon@2x.png in Resources */ = {isa = PBXBuildFile; fileRef = 30D79A2D19C6B71B007F110D /* loading_icon@2x.png */; };
		30D79A3E19C6B71B007F110D /* refresh_release.wav in Resources */ = {isa = PBXBuildFile; fileRef = 30D79A2E19C6B71B007F110D /* refresh_release.wav */; };
		30D79A3F19C6B71B007F110D /* refresh_triggering.wav in Resources */ = {isa = PBXBuildFile; fileRef = 30D79A2F19C6B71B007F110D /* refresh_triggering.wav */; };
		30D79A4019C6B71B007F110D /* RefreshView.m in Sources */ = {isa = PBXBuildFile; fileRef = 30D79A3119C6B71B007F110D /* RefreshView.m */; settings = {COMPILER_FLAGS = "-fno-objc-arc"; }; };
		30D79A4119C6B71B007F110D /* whiteArrow.png in Resources */ = {isa = PBXBuildFile; fileRef = 30D79A3219C6B71B007F110D /* whiteArrow.png */; };
		30D79A4219C6B71B007F110D /* whiteArrow@2x.png in Resources */ = {isa = PBXBuildFile; fileRef = 30D79A3319C6B71B007F110D /* whiteArrow@2x.png */; };
		30D79A4319C6B71B007F110D /* RefreshLocal.strings in Resources */ = {isa = PBXBuildFile; fileRef = 30D79A3419C6B71B007F110D /* RefreshLocal.strings */; };
		30D79A4619C6BB36007F110D /* DFCustomViewController.m in Sources */ = {isa = PBXBuildFile; fileRef = 30D79A4519C6BB36007F110D /* DFCustomViewController.m */; };
		30D79A4819C6D630007F110D /* libsqlite3.dylib in Frameworks */ = {isa = PBXBuildFile; fileRef = 30D79A4719C6D630007F110D /* libsqlite3.dylib */; };
		30D8F0CF19D7B19F000025F3 /* DFMyMessageVC.m in Sources */ = {isa = PBXBuildFile; fileRef = 30D8F0CE19D7B19F000025F3 /* DFMyMessageVC.m */; };
		30D8F0D219D7B1B7000025F3 /* DFMyTopMessageVC.m in Sources */ = {isa = PBXBuildFile; fileRef = 30D8F0D119D7B1B7000025F3 /* DFMyTopMessageVC.m */; };
		30D8F0D519D7B1D2000025F3 /* DFUserInfoSettingVC.m in Sources */ = {isa = PBXBuildFile; fileRef = 30D8F0D419D7B1D2000025F3 /* DFUserInfoSettingVC.m */; };
		30D8F0D819D7B1F5000025F3 /* DFSupplementVC.m in Sources */ = {isa = PBXBuildFile; fileRef = 30D8F0D719D7B1F5000025F3 /* DFSupplementVC.m */; };
		30DCFBEA19FA8C2500785CD8 /* libUMFeedback.a in Frameworks */ = {isa = PBXBuildFile; fileRef = 30DCFBE819FA8C2500785CD8 /* libUMFeedback.a */; };
		30DCFBF819FA8E0C00785CD8 /* UMContactViewController.m in Sources */ = {isa = PBXBuildFile; fileRef = 30DCFBEF19FA8E0C00785CD8 /* UMContactViewController.m */; };
		30DCFBF919FA8E0C00785CD8 /* UMContactViewController.xib in Resources */ = {isa = PBXBuildFile; fileRef = 30DCFBF019FA8E0C00785CD8 /* UMContactViewController.xib */; };
		30DCFBFA19FA8E0C00785CD8 /* UMFeedbackTableViewCellLeft.m in Sources */ = {isa = PBXBuildFile; fileRef = 30DCFBF219FA8E0C00785CD8 /* UMFeedbackTableViewCellLeft.m */; };
		30DCFBFB19FA8E0C00785CD8 /* UMFeedbackTableViewCellRight.m in Sources */ = {isa = PBXBuildFile; fileRef = 30DCFBF419FA8E0C00785CD8 /* UMFeedbackTableViewCellRight.m */; };
		30DCFBFC19FA8E0C00785CD8 /* UMFeedbackViewController.m in Sources */ = {isa = PBXBuildFile; fileRef = 30DCFBF619FA8E0C00785CD8 /* UMFeedbackViewController.m */; settings = {COMPILER_FLAGS = "-fno-objc-arc"; }; };
		30DCFBFD19FA8E0C00785CD8 /* UMFeedbackViewController.xib in Resources */ = {isa = PBXBuildFile; fileRef = 30DCFBF719FA8E0C00785CD8 /* UMFeedbackViewController.xib */; };
		30DCFC0019FA8EB800785CD8 /* UMEGORefreshTableHeaderView.m in Sources */ = {isa = PBXBuildFile; fileRef = 30DCFBFF19FA8EB800785CD8 /* UMEGORefreshTableHeaderView.m */; settings = {COMPILER_FLAGS = "-fno-objc-arc"; }; };
		30DCFC0219FA9F0100785CD8 /* help.html in Resources */ = {isa = PBXBuildFile; fileRef = 30DCFC0119FA9F0100785CD8 /* help.html */; };
		30DCFC0619FA9F7F00785CD8 /* DFHelpVC.m in Sources */ = {isa = PBXBuildFile; fileRef = 30DCFC0519FA9F7F00785CD8 /* DFHelpVC.m */; };
		30DCFC1819FAA32400785CD8 /* MJRefresh.bundle in Resources */ = {isa = PBXBuildFile; fileRef = 30DCFC0819FAA32300785CD8 /* MJRefresh.bundle */; };
		30DCFC1919FAA32400785CD8 /* MJRefreshBaseView.m in Sources */ = {isa = PBXBuildFile; fileRef = 30DCFC0B19FAA32400785CD8 /* MJRefreshBaseView.m */; };
		30DCFC1A19FAA32400785CD8 /* MJRefreshConst.m in Sources */ = {isa = PBXBuildFile; fileRef = 30DCFC0D19FAA32400785CD8 /* MJRefreshConst.m */; };
		30DCFC1B19FAA32400785CD8 /* MJRefreshFooterView.m in Sources */ = {isa = PBXBuildFile; fileRef = 30DCFC0F19FAA32400785CD8 /* MJRefreshFooterView.m */; };
		30DCFC1C19FAA32400785CD8 /* MJRefreshHeaderView.m in Sources */ = {isa = PBXBuildFile; fileRef = 30DCFC1119FAA32400785CD8 /* MJRefreshHeaderView.m */; };
		30DCFC1D19FAA32400785CD8 /* UIScrollView+Extension.m in Sources */ = {isa = PBXBuildFile; fileRef = 30DCFC1319FAA32400785CD8 /* UIScrollView+Extension.m */; };
		30DCFC1E19FAA32400785CD8 /* UIScrollView+MJRefresh.m in Sources */ = {isa = PBXBuildFile; fileRef = 30DCFC1519FAA32400785CD8 /* UIScrollView+MJRefresh.m */; };
		30DCFC1F19FAA32400785CD8 /* UIView+Extension.m in Sources */ = {isa = PBXBuildFile; fileRef = 30DCFC1719FAA32400785CD8 /* UIView+Extension.m */; };
/* End PBXBuildFile section */

/* Begin PBXContainerItemProxy section */
		30C4A43B19B5FF74006B9E0D /* PBXContainerItemProxy */ = {
			isa = PBXContainerItemProxy;
			containerPortal = 30C4A40D19B5FF74006B9E0D /* Project object */;
			proxyType = 1;
			remoteGlobalIDString = 30C4A41419B5FF74006B9E0D;
			remoteInfo = df360;
		};
/* End PBXContainerItemProxy section */

/* Begin PBXFileReference section */
		30003D7119C9CC1B0010A13F /* LMComBoxView.h */ = {isa = PBXFileReference; fileEncoding = 4; lastKnownFileType = sourcecode.c.h; path = LMComBoxView.h; sourceTree = "<group>"; };
		30003D7219C9CC1B0010A13F /* LMComBoxView.m */ = {isa = PBXFileReference; fileEncoding = 4; lastKnownFileType = sourcecode.c.objc; path = LMComBoxView.m; sourceTree = "<group>"; };
		30003D7319C9CC1B0010A13F /* LMContainsLMComboxScrollView.h */ = {isa = PBXFileReference; fileEncoding = 4; lastKnownFileType = sourcecode.c.h; path = LMContainsLMComboxScrollView.h; sourceTree = "<group>"; };
		30003D7419C9CC1B0010A13F /* LMContainsLMComboxScrollView.m */ = {isa = PBXFileReference; fileEncoding = 4; lastKnownFileType = sourcecode.c.objc; path = LMContainsLMComboxScrollView.m; sourceTree = "<group>"; };
		30003D7719C9D97D0010A13F /* DFCustomTableViewCell.h */ = {isa = PBXFileReference; fileEncoding = 4; lastKnownFileType = sourcecode.c.h; path = DFCustomTableViewCell.h; sourceTree = "<group>"; };
		30003D7819C9D97D0010A13F /* DFCustomTableViewCell.m */ = {isa = PBXFileReference; fileEncoding = 4; lastKnownFileType = sourcecode.c.objc; path = DFCustomTableViewCell.m; sourceTree = "<group>"; };
		30003D7A19CACA890010A13F /* DFSendQBVC.h */ = {isa = PBXFileReference; fileEncoding = 4; lastKnownFileType = sourcecode.c.h; path = DFSendQBVC.h; sourceTree = "<group>"; };
		30003D7B19CACA890010A13F /* DFSendQBVC.m */ = {isa = PBXFileReference; fileEncoding = 4; lastKnownFileType = sourcecode.c.objc; path = DFSendQBVC.m; sourceTree = "<group>"; };
		30003D7D19CADFFD0010A13F /* DFQBDetailVC.h */ = {isa = PBXFileReference; fileEncoding = 4; lastKnownFileType = sourcecode.c.h; path = DFQBDetailVC.h; sourceTree = "<group>"; };
		30003D7E19CADFFD0010A13F /* DFQBDetailVC.m */ = {isa = PBXFileReference; fileEncoding = 4; lastKnownFileType = sourcecode.c.objc; path = DFQBDetailVC.m; sourceTree = "<group>"; };
		3005DB4C19C586DD008591A2 /* DFQSBKVC.h */ = {isa = PBXFileReference; fileEncoding = 4; lastKnownFileType = sourcecode.c.h; path = DFQSBKVC.h; sourceTree = "<group>"; };
		3005DB4D19C586DD008591A2 /* DFQSBKVC.m */ = {isa = PBXFileReference; fileEncoding = 4; lastKnownFileType = sourcecode.c.objc; path = DFQSBKVC.m; sourceTree = "<group>"; };
		3005DB4F19C598BF008591A2 /* DFLoginVC.h */ = {isa = PBXFileReference; fileEncoding = 4; lastKnownFileType = sourcecode.c.h; path = DFLoginVC.h; sourceTree = "<group>"; };
		3005DB5019C598BF008591A2 /* DFLoginVC.m */ = {isa = PBXFileReference; fileEncoding = 4; lastKnownFileType = sourcecode.c.objc; path = DFLoginVC.m; sourceTree = "<group>"; };
		3005DB5219C5995C008591A2 /* DFRegisterVC.h */ = {isa = PBXFileReference; fileEncoding = 4; lastKnownFileType = sourcecode.c.h; path = DFRegisterVC.h; sourceTree = "<group>"; };
		3005DB5319C5995C008591A2 /* DFRegisterVC.m */ = {isa = PBXFileReference; fileEncoding = 4; lastKnownFileType = sourcecode.c.objc; path = DFRegisterVC.m; sourceTree = "<group>"; };
		3006D41619F5370100BBAC5D /* DFShoppingBuyVC.h */ = {isa = PBXFileReference; fileEncoding = 4; lastKnownFileType = sourcecode.c.h; path = DFShoppingBuyVC.h; sourceTree = "<group>"; };
		3006D41719F5370100BBAC5D /* DFShoppingBuyVC.m */ = {isa = PBXFileReference; fileEncoding = 4; lastKnownFileType = sourcecode.c.objc; path = DFShoppingBuyVC.m; sourceTree = "<group>"; };
		3006D41919F5500800BBAC5D /* DFTopInfoVC.h */ = {isa = PBXFileReference; fileEncoding = 4; lastKnownFileType = sourcecode.c.h; path = DFTopInfoVC.h; sourceTree = "<group>"; };
		3006D41A19F5500800BBAC5D /* DFTopInfoVC.m */ = {isa = PBXFileReference; fileEncoding = 4; lastKnownFileType = sourcecode.c.objc; path = DFTopInfoVC.m; sourceTree = "<group>"; };
		301A603619D7EDF00050DBDE /* QRadioButton.h */ = {isa = PBXFileReference; fileEncoding = 4; lastKnownFileType = sourcecode.c.h; path = QRadioButton.h; sourceTree = "<group>"; };
		301A603719D7EDF00050DBDE /* QRadioButton.m */ = {isa = PBXFileReference; fileEncoding = 4; lastKnownFileType = sourcecode.c.objc; path = QRadioButton.m; sourceTree = "<group>"; };
		301A603819D7EDF00050DBDE /* radio_checked.png */ = {isa = PBXFileReference; lastKnownFileType = image.png; path = radio_checked.png; sourceTree = "<group>"; };
		301A603919D7EDF00050DBDE /* radio_checked@2x.png */ = {isa = PBXFileReference; lastKnownFileType = image.png; path = "radio_checked@2x.png"; sourceTree = "<group>"; };
		301A603A19D7EDF00050DBDE /* radio_unchecked.png */ = {isa = PBXFileReference; lastKnownFileType = image.png; path = radio_unchecked.png; sourceTree = "<group>"; };
		301A603B19D7EDF00050DBDE /* radio_unchecked@2x.png */ = {isa = PBXFileReference; lastKnownFileType = image.png; path = "radio_unchecked@2x.png"; sourceTree = "<group>"; };
		301A604219EB9ED00050DBDE /* PopoverView.h */ = {isa = PBXFileReference; fileEncoding = 4; lastKnownFileType = sourcecode.c.h; path = PopoverView.h; sourceTree = "<group>"; };
		301A604319EB9ED00050DBDE /* PopoverView.m */ = {isa = PBXFileReference; fileEncoding = 4; lastKnownFileType = sourcecode.c.objc; path = PopoverView.m; sourceTree = "<group>"; };
		30A0EEC519F7F93200DAD260 /* DFQBMessageVC.h */ = {isa = PBXFileReference; fileEncoding = 4; lastKnownFileType = sourcecode.c.h; path = DFQBMessageVC.h; sourceTree = "<group>"; };
		30A0EEC619F7F93200DAD260 /* DFQBMessageVC.m */ = {isa = PBXFileReference; fileEncoding = 4; lastKnownFileType = sourcecode.c.objc; path = DFQBMessageVC.m; sourceTree = "<group>"; };
		30A412A419CEB636006AE94D /* DFChildVC.h */ = {isa = PBXFileReference; fileEncoding = 4; lastKnownFileType = sourcecode.c.h; path = DFChildVC.h; sourceTree = "<group>"; };
		30A412A519CEB636006AE94D /* DFChildVC.m */ = {isa = PBXFileReference; fileEncoding = 4; lastKnownFileType = sourcecode.c.objc; path = DFChildVC.m; sourceTree = "<group>"; };
		30AF174719F404BF00B086A6 /* DFShoppingDetailVC.h */ = {isa = PBXFileReference; fileEncoding = 4; lastKnownFileType = sourcecode.c.h; path = DFShoppingDetailVC.h; sourceTree = "<group>"; };
		30AF174819F404BF00B086A6 /* DFShoppingDetailVC.m */ = {isa = PBXFileReference; fileEncoding = 4; lastKnownFileType = sourcecode.c.objc; path = DFShoppingDetailVC.m; sourceTree = "<group>"; };
		30AF174B19F413D300B086A6 /* MKAnnotationView+WebCache.h */ = {isa = PBXFileReference; fileEncoding = 4; lastKnownFileType = sourcecode.c.h; path = "MKAnnotationView+WebCache.h"; sourceTree = "<group>"; };
		30AF174C19F413D300B086A6 /* MKAnnotationView+WebCache.m */ = {isa = PBXFileReference; fileEncoding = 4; lastKnownFileType = sourcecode.c.objc; path = "MKAnnotationView+WebCache.m"; sourceTree = "<group>"; };
		30AF174D19F413D300B086A6 /* NSData+ImageContentType.h */ = {isa = PBXFileReference; fileEncoding = 4; lastKnownFileType = sourcecode.c.h; path = "NSData+ImageContentType.h"; sourceTree = "<group>"; };
		30AF174E19F413D300B086A6 /* NSData+ImageContentType.m */ = {isa = PBXFileReference; fileEncoding = 4; lastKnownFileType = sourcecode.c.objc; path = "NSData+ImageContentType.m"; sourceTree = "<group>"; };
		30AF174F19F413D300B086A6 /* SDImageCache.h */ = {isa = PBXFileReference; fileEncoding = 4; lastKnownFileType = sourcecode.c.h; path = SDImageCache.h; sourceTree = "<group>"; };
		30AF175019F413D300B086A6 /* SDImageCache.m */ = {isa = PBXFileReference; fileEncoding = 4; lastKnownFileType = sourcecode.c.objc; path = SDImageCache.m; sourceTree = "<group>"; };
		30AF175119F413D300B086A6 /* SDWebImageCompat.h */ = {isa = PBXFileReference; fileEncoding = 4; lastKnownFileType = sourcecode.c.h; path = SDWebImageCompat.h; sourceTree = "<group>"; };
		30AF175219F413D300B086A6 /* SDWebImageCompat.m */ = {isa = PBXFileReference; fileEncoding = 4; lastKnownFileType = sourcecode.c.objc; path = SDWebImageCompat.m; sourceTree = "<group>"; };
		30AF175319F413D300B086A6 /* SDWebImageDecoder.h */ = {isa = PBXFileReference; fileEncoding = 4; lastKnownFileType = sourcecode.c.h; path = SDWebImageDecoder.h; sourceTree = "<group>"; };
		30AF175419F413D300B086A6 /* SDWebImageDecoder.m */ = {isa = PBXFileReference; fileEncoding = 4; lastKnownFileType = sourcecode.c.objc; path = SDWebImageDecoder.m; sourceTree = "<group>"; };
		30AF175519F413D300B086A6 /* SDWebImageDownloader.h */ = {isa = PBXFileReference; fileEncoding = 4; lastKnownFileType = sourcecode.c.h; path = SDWebImageDownloader.h; sourceTree = "<group>"; };
		30AF175619F413D300B086A6 /* SDWebImageDownloader.m */ = {isa = PBXFileReference; fileEncoding = 4; lastKnownFileType = sourcecode.c.objc; path = SDWebImageDownloader.m; sourceTree = "<group>"; };
		30AF175719F413D300B086A6 /* SDWebImageDownloaderOperation.h */ = {isa = PBXFileReference; fileEncoding = 4; lastKnownFileType = sourcecode.c.h; path = SDWebImageDownloaderOperation.h; sourceTree = "<group>"; };
		30AF175819F413D300B086A6 /* SDWebImageDownloaderOperation.m */ = {isa = PBXFileReference; fileEncoding = 4; lastKnownFileType = sourcecode.c.objc; path = SDWebImageDownloaderOperation.m; sourceTree = "<group>"; };
		30AF175919F413D300B086A6 /* SDWebImageManager.h */ = {isa = PBXFileReference; fileEncoding = 4; lastKnownFileType = sourcecode.c.h; path = SDWebImageManager.h; sourceTree = "<group>"; };
		30AF175A19F413D300B086A6 /* SDWebImageManager.m */ = {isa = PBXFileReference; fileEncoding = 4; lastKnownFileType = sourcecode.c.objc; path = SDWebImageManager.m; sourceTree = "<group>"; };
		30AF175B19F413D300B086A6 /* SDWebImageOperation.h */ = {isa = PBXFileReference; fileEncoding = 4; lastKnownFileType = sourcecode.c.h; path = SDWebImageOperation.h; sourceTree = "<group>"; };
		30AF175C19F413D300B086A6 /* SDWebImagePrefetcher.h */ = {isa = PBXFileReference; fileEncoding = 4; lastKnownFileType = sourcecode.c.h; path = SDWebImagePrefetcher.h; sourceTree = "<group>"; };
		30AF175D19F413D300B086A6 /* SDWebImagePrefetcher.m */ = {isa = PBXFileReference; fileEncoding = 4; lastKnownFileType = sourcecode.c.objc; path = SDWebImagePrefetcher.m; sourceTree = "<group>"; };
		30AF175E19F413D300B086A6 /* UIButton+WebCache.h */ = {isa = PBXFileReference; fileEncoding = 4; lastKnownFileType = sourcecode.c.h; path = "UIButton+WebCache.h"; sourceTree = "<group>"; };
		30AF175F19F413D300B086A6 /* UIButton+WebCache.m */ = {isa = PBXFileReference; fileEncoding = 4; lastKnownFileType = sourcecode.c.objc; path = "UIButton+WebCache.m"; sourceTree = "<group>"; };
		30AF176019F413D300B086A6 /* UIImage+GIF.h */ = {isa = PBXFileReference; fileEncoding = 4; lastKnownFileType = sourcecode.c.h; path = "UIImage+GIF.h"; sourceTree = "<group>"; };
		30AF176119F413D300B086A6 /* UIImage+GIF.m */ = {isa = PBXFileReference; fileEncoding = 4; lastKnownFileType = sourcecode.c.objc; path = "UIImage+GIF.m"; sourceTree = "<group>"; };
		30AF176219F413D300B086A6 /* UIImage+MultiFormat.h */ = {isa = PBXFileReference; fileEncoding = 4; lastKnownFileType = sourcecode.c.h; path = "UIImage+MultiFormat.h"; sourceTree = "<group>"; };
		30AF176319F413D300B086A6 /* UIImage+MultiFormat.m */ = {isa = PBXFileReference; fileEncoding = 4; lastKnownFileType = sourcecode.c.objc; path = "UIImage+MultiFormat.m"; sourceTree = "<group>"; };
		30AF176419F413D300B086A6 /* UIImage+WebP.h */ = {isa = PBXFileReference; fileEncoding = 4; lastKnownFileType = sourcecode.c.h; path = "UIImage+WebP.h"; sourceTree = "<group>"; };
		30AF176519F413D300B086A6 /* UIImage+WebP.m */ = {isa = PBXFileReference; fileEncoding = 4; lastKnownFileType = sourcecode.c.objc; path = "UIImage+WebP.m"; sourceTree = "<group>"; };
		30AF176619F413D300B086A6 /* UIImageView+WebCache.h */ = {isa = PBXFileReference; fileEncoding = 4; lastKnownFileType = sourcecode.c.h; path = "UIImageView+WebCache.h"; sourceTree = "<group>"; };
		30AF176719F413D300B086A6 /* UIImageView+WebCache.m */ = {isa = PBXFileReference; fileEncoding = 4; lastKnownFileType = sourcecode.c.objc; path = "UIImageView+WebCache.m"; sourceTree = "<group>"; };
		30B9F65719CEDBFD00335DF0 /* DFSendVC.h */ = {isa = PBXFileReference; fileEncoding = 4; lastKnownFileType = sourcecode.c.h; path = DFSendVC.h; sourceTree = "<group>"; };
		30B9F65819CEDBFD00335DF0 /* DFSendVC.m */ = {isa = PBXFileReference; fileEncoding = 4; lastKnownFileType = sourcecode.c.objc; path = DFSendVC.m; sourceTree = "<group>"; };
		30B9F65A19D060FF00335DF0 /* DFSelectFatherCateVC.h */ = {isa = PBXFileReference; fileEncoding = 4; lastKnownFileType = sourcecode.c.h; path = DFSelectFatherCateVC.h; sourceTree = "<group>"; };
		30B9F65B19D060FF00335DF0 /* DFSelectFatherCateVC.m */ = {isa = PBXFileReference; fileEncoding = 4; lastKnownFileType = sourcecode.c.objc; path = DFSelectFatherCateVC.m; sourceTree = "<group>"; };
		30B9F65D19D0611500335DF0 /* DFSelectChildCateVC.h */ = {isa = PBXFileReference; fileEncoding = 4; lastKnownFileType = sourcecode.c.h; path = DFSelectChildCateVC.h; sourceTree = "<group>"; };
		30B9F65E19D0611500335DF0 /* DFSelectChildCateVC.m */ = {isa = PBXFileReference; fileEncoding = 4; lastKnownFileType = sourcecode.c.objc; path = DFSelectChildCateVC.m; sourceTree = "<group>"; };
		30C4A41519B5FF74006B9E0D /* df360.app */ = {isa = PBXFileReference; explicitFileType = wrapper.application; includeInIndex = 0; path = df360.app; sourceTree = BUILT_PRODUCTS_DIR; };
		30C4A41819B5FF74006B9E0D /* Foundation.framework */ = {isa = PBXFileReference; lastKnownFileType = wrapper.framework; name = Foundation.framework; path = System/Library/Frameworks/Foundation.framework; sourceTree = SDKROOT; };
		30C4A41A19B5FF74006B9E0D /* CoreGraphics.framework */ = {isa = PBXFileReference; lastKnownFileType = wrapper.framework; name = CoreGraphics.framework; path = System/Library/Frameworks/CoreGraphics.framework; sourceTree = SDKROOT; };
		30C4A41C19B5FF74006B9E0D /* UIKit.framework */ = {isa = PBXFileReference; lastKnownFileType = wrapper.framework; name = UIKit.framework; path = System/Library/Frameworks/UIKit.framework; sourceTree = SDKROOT; };
		30C4A42019B5FF74006B9E0D /* df360-Info.plist */ = {isa = PBXFileReference; lastKnownFileType = text.plist.xml; path = "df360-Info.plist"; sourceTree = "<group>"; };
		30C4A42219B5FF74006B9E0D /* en */ = {isa = PBXFileReference; lastKnownFileType = text.plist.strings; name = en; path = en.lproj/InfoPlist.strings; sourceTree = "<group>"; };
		30C4A42419B5FF74006B9E0D /* main.m */ = {isa = PBXFileReference; lastKnownFileType = sourcecode.c.objc; path = main.m; sourceTree = "<group>"; };
		30C4A42619B5FF74006B9E0D /* df360-Prefix.pch */ = {isa = PBXFileReference; lastKnownFileType = sourcecode.c.h; path = "df360-Prefix.pch"; sourceTree = "<group>"; };
		30C4A42719B5FF74006B9E0D /* DFAppDelegate.h */ = {isa = PBXFileReference; lastKnownFileType = sourcecode.c.h; path = DFAppDelegate.h; sourceTree = "<group>"; };
		30C4A42819B5FF74006B9E0D /* DFAppDelegate.m */ = {isa = PBXFileReference; lastKnownFileType = sourcecode.c.objc; path = DFAppDelegate.m; sourceTree = "<group>"; };
		30C4A42B19B5FF74006B9E0D /* Base */ = {isa = PBXFileReference; lastKnownFileType = file.storyboard; name = Base; path = Base.lproj/Main.storyboard; sourceTree = "<group>"; };
		30C4A42D19B5FF74006B9E0D /* DFViewController.h */ = {isa = PBXFileReference; lastKnownFileType = sourcecode.c.h; path = DFViewController.h; sourceTree = "<group>"; };
		30C4A42E19B5FF74006B9E0D /* DFViewController.m */ = {isa = PBXFileReference; lastKnownFileType = sourcecode.c.objc; path = DFViewController.m; sourceTree = "<group>"; };
		30C4A43619B5FF74006B9E0D /* df360Tests.xctest */ = {isa = PBXFileReference; explicitFileType = wrapper.cfbundle; includeInIndex = 0; path = df360Tests.xctest; sourceTree = BUILT_PRODUCTS_DIR; };
		30C4A43719B5FF74006B9E0D /* XCTest.framework */ = {isa = PBXFileReference; lastKnownFileType = wrapper.framework; name = XCTest.framework; path = Library/Frameworks/XCTest.framework; sourceTree = DEVELOPER_DIR; };
		30C4A43F19B5FF74006B9E0D /* df360Tests-Info.plist */ = {isa = PBXFileReference; lastKnownFileType = text.plist.xml; path = "df360Tests-Info.plist"; sourceTree = "<group>"; };
		30C4A44119B5FF74006B9E0D /* en */ = {isa = PBXFileReference; lastKnownFileType = text.plist.strings; name = en; path = en.lproj/InfoPlist.strings; sourceTree = "<group>"; };
		30C4A44319B5FF74006B9E0D /* df360Tests.m */ = {isa = PBXFileReference; lastKnownFileType = sourcecode.c.objc; path = df360Tests.m; sourceTree = "<group>"; };
		30C4A44D19B60691006B9E0D /* DFUserCenterVC.h */ = {isa = PBXFileReference; fileEncoding = 4; lastKnownFileType = sourcecode.c.h; path = DFUserCenterVC.h; sourceTree = "<group>"; };
		30C4A44E19B60691006B9E0D /* DFUserCenterVC.m */ = {isa = PBXFileReference; fileEncoding = 4; lastKnownFileType = sourcecode.c.objc; path = DFUserCenterVC.m; sourceTree = "<group>"; };
		30C4A45019B60872006B9E0D /* DFTodayShoppingVC.h */ = {isa = PBXFileReference; fileEncoding = 4; lastKnownFileType = sourcecode.c.h; path = DFTodayShoppingVC.h; sourceTree = "<group>"; };
		30C4A45119B60872006B9E0D /* DFTodayShoppingVC.m */ = {isa = PBXFileReference; fileEncoding = 4; lastKnownFileType = sourcecode.c.objc; path = DFTodayShoppingVC.m; sourceTree = "<group>"; };
		30C4A45319B60897006B9E0D /* DFSettingVC.h */ = {isa = PBXFileReference; fileEncoding = 4; lastKnownFileType = sourcecode.c.h; path = DFSettingVC.h; sourceTree = "<group>"; };
		30C4A45419B60897006B9E0D /* DFSettingVC.m */ = {isa = PBXFileReference; fileEncoding = 4; lastKnownFileType = sourcecode.c.objc; path = DFSettingVC.m; sourceTree = "<group>"; };
		30CDABDD19FF62A900DF66F3 /* Images.xcassets */ = {isa = PBXFileReference; lastKnownFileType = folder.assetcatalog; name = Images.xcassets; path = df360/Images.xcassets; sourceTree = "<group>"; };
		30CDABDF19FF722B00DF66F3 /* DFGetIntegral.h */ = {isa = PBXFileReference; fileEncoding = 4; lastKnownFileType = sourcecode.c.h; path = DFGetIntegral.h; sourceTree = "<group>"; };
		30CDABE019FF722B00DF66F3 /* DFGetIntegral.m */ = {isa = PBXFileReference; fileEncoding = 4; lastKnownFileType = sourcecode.c.objc; path = DFGetIntegral.m; sourceTree = "<group>"; };
		30CDABE219FF8F0700DF66F3 /* photoCell.h */ = {isa = PBXFileReference; fileEncoding = 4; lastKnownFileType = sourcecode.c.h; path = photoCell.h; sourceTree = "<group>"; };
		30CDABE319FF8F0700DF66F3 /* photoCell.m */ = {isa = PBXFileReference; fileEncoding = 4; lastKnownFileType = sourcecode.c.objc; path = photoCell.m; sourceTree = "<group>"; };
		30CDABE51A00750E00DF66F3 /* AssetsLibrary.framework */ = {isa = PBXFileReference; lastKnownFileType = wrapper.framework; name = AssetsLibrary.framework; path = System/Library/Frameworks/AssetsLibrary.framework; sourceTree = SDKROOT; };
		30D36F3719B8AD9C00AED275 /* DFToolView.h */ = {isa = PBXFileReference; fileEncoding = 4; lastKnownFileType = sourcecode.c.h; path = DFToolView.h; sourceTree = "<group>"; };
		30D36F3819B8AD9C00AED275 /* DFToolView.m */ = {isa = PBXFileReference; fileEncoding = 4; lastKnownFileType = sourcecode.c.objc; path = DFToolView.m; sourceTree = "<group>"; };
		30D631FE19D2E7D100FD3706 /* DFChildDetailVC.h */ = {isa = PBXFileReference; fileEncoding = 4; lastKnownFileType = sourcecode.c.h; path = DFChildDetailVC.h; sourceTree = "<group>"; };
		30D631FF19D2E7D100FD3706 /* DFChildDetailVC.m */ = {isa = PBXFileReference; fileEncoding = 4; lastKnownFileType = sourcecode.c.objc; path = DFChildDetailVC.m; sourceTree = "<group>"; };
		30D79A0819C5BA27007F110D /* DFToolClass.h */ = {isa = PBXFileReference; fileEncoding = 4; lastKnownFileType = sourcecode.c.h; path = DFToolClass.h; sourceTree = "<group>"; };
		30D79A0919C5BA27007F110D /* DFToolClass.m */ = {isa = PBXFileReference; fileEncoding = 4; lastKnownFileType = sourcecode.c.objc; path = DFToolClass.m; sourceTree = "<group>"; };
		30D79A0B19C5C5D2007F110D /* DFRequestUrl.h */ = {isa = PBXFileReference; fileEncoding = 4; lastKnownFileType = sourcecode.c.h; path = DFRequestUrl.h; sourceTree = "<group>"; };
		30D79A0C19C5C5D2007F110D /* DFRequestUrl.m */ = {isa = PBXFileReference; fileEncoding = 4; lastKnownFileType = sourcecode.c.objc; path = DFRequestUrl.m; sourceTree = "<group>"; };
		30D79A1619C6B70C007F110D /* FMDatabase.h */ = {isa = PBXFileReference; fileEncoding = 4; lastKnownFileType = sourcecode.c.h; path = FMDatabase.h; sourceTree = "<group>"; };
		30D79A1719C6B70C007F110D /* FMDatabase.m */ = {isa = PBXFileReference; fileEncoding = 4; lastKnownFileType = sourcecode.c.objc; path = FMDatabase.m; sourceTree = "<group>"; };
		30D79A1819C6B70C007F110D /* FMDatabaseAdditions.h */ = {isa = PBXFileReference; fileEncoding = 4; lastKnownFileType = sourcecode.c.h; path = FMDatabaseAdditions.h; sourceTree = "<group>"; };
		30D79A1919C6B70C007F110D /* FMDatabaseAdditions.m */ = {isa = PBXFileReference; fileEncoding = 4; lastKnownFileType = sourcecode.c.objc; path = FMDatabaseAdditions.m; sourceTree = "<group>"; };
		30D79A1A19C6B70C007F110D /* FMDatabasePool.h */ = {isa = PBXFileReference; fileEncoding = 4; lastKnownFileType = sourcecode.c.h; path = FMDatabasePool.h; sourceTree = "<group>"; };
		30D79A1B19C6B70C007F110D /* FMDatabasePool.m */ = {isa = PBXFileReference; fileEncoding = 4; lastKnownFileType = sourcecode.c.objc; path = FMDatabasePool.m; sourceTree = "<group>"; };
		30D79A1C19C6B70C007F110D /* FMDatabaseQueue.h */ = {isa = PBXFileReference; fileEncoding = 4; lastKnownFileType = sourcecode.c.h; path = FMDatabaseQueue.h; sourceTree = "<group>"; };
		30D79A1D19C6B70C007F110D /* FMDatabaseQueue.m */ = {isa = PBXFileReference; fileEncoding = 4; lastKnownFileType = sourcecode.c.objc; path = FMDatabaseQueue.m; sourceTree = "<group>"; };
		30D79A1E19C6B70C007F110D /* FMResultSet.h */ = {isa = PBXFileReference; fileEncoding = 4; lastKnownFileType = sourcecode.c.h; path = FMResultSet.h; sourceTree = "<group>"; };
		30D79A1F19C6B70C007F110D /* FMResultSet.m */ = {isa = PBXFileReference; fileEncoding = 4; lastKnownFileType = sourcecode.c.objc; path = FMResultSet.m; sourceTree = "<group>"; };
		30D79A2619C6B71B007F110D /* blackArrow.png */ = {isa = PBXFileReference; lastKnownFileType = image.png; path = blackArrow.png; sourceTree = "<group>"; };
		30D79A2719C6B71B007F110D /* blackArrow@2x.png */ = {isa = PBXFileReference; lastKnownFileType = image.png; path = "blackArrow@2x.png"; sourceTree = "<group>"; };
		30D79A2819C6B71B007F110D /* blueArrow.png */ = {isa = PBXFileReference; lastKnownFileType = image.png; path = blueArrow.png; sourceTree = "<group>"; };
		30D79A2919C6B71B007F110D /* blueArrow@2x.png */ = {isa = PBXFileReference; lastKnownFileType = image.png; path = "blueArrow@2x.png"; sourceTree = "<group>"; };
		30D79A2A19C6B71B007F110D /* grayArrow.png */ = {isa = PBXFileReference; lastKnownFileType = image.png; path = grayArrow.png; sourceTree = "<group>"; };
		30D79A2B19C6B71B007F110D /* grayArrow@2x.png */ = {isa = PBXFileReference; lastKnownFileType = image.png; path = "grayArrow@2x.png"; sourceTree = "<group>"; };
		30D79A2C19C6B71B007F110D /* loading_icon.png */ = {isa = PBXFileReference; lastKnownFileType = image.png; path = loading_icon.png; sourceTree = "<group>"; };
		30D79A2D19C6B71B007F110D /* loading_icon@2x.png */ = {isa = PBXFileReference; lastKnownFileType = image.png; path = "loading_icon@2x.png"; sourceTree = "<group>"; };
		30D79A2E19C6B71B007F110D /* refresh_release.wav */ = {isa = PBXFileReference; lastKnownFileType = audio.wav; path = refresh_release.wav; sourceTree = "<group>"; };
		30D79A2F19C6B71B007F110D /* refresh_triggering.wav */ = {isa = PBXFileReference; lastKnownFileType = audio.wav; path = refresh_triggering.wav; sourceTree = "<group>"; };
		30D79A3019C6B71B007F110D /* RefreshView.h */ = {isa = PBXFileReference; fileEncoding = 4; lastKnownFileType = sourcecode.c.h; path = RefreshView.h; sourceTree = "<group>"; };
		30D79A3119C6B71B007F110D /* RefreshView.m */ = {isa = PBXFileReference; fileEncoding = 4; lastKnownFileType = sourcecode.c.objc; path = RefreshView.m; sourceTree = "<group>"; };
		30D79A3219C6B71B007F110D /* whiteArrow.png */ = {isa = PBXFileReference; lastKnownFileType = image.png; path = whiteArrow.png; sourceTree = "<group>"; };
		30D79A3319C6B71B007F110D /* whiteArrow@2x.png */ = {isa = PBXFileReference; lastKnownFileType = image.png; path = "whiteArrow@2x.png"; sourceTree = "<group>"; };
		30D79A3519C6B71B007F110D /* zh-Hans */ = {isa = PBXFileReference; lastKnownFileType = text.plist.strings; name = "zh-Hans"; path = "zh-Hans.lproj/RefreshLocal.strings"; sourceTree = "<group>"; };
		30D79A4419C6BB36007F110D /* DFCustomViewController.h */ = {isa = PBXFileReference; fileEncoding = 4; lastKnownFileType = sourcecode.c.h; path = DFCustomViewController.h; sourceTree = "<group>"; };
		30D79A4519C6BB36007F110D /* DFCustomViewController.m */ = {isa = PBXFileReference; fileEncoding = 4; lastKnownFileType = sourcecode.c.objc; path = DFCustomViewController.m; sourceTree = "<group>"; };
		30D79A4719C6D630007F110D /* libsqlite3.dylib */ = {isa = PBXFileReference; lastKnownFileType = "compiled.mach-o.dylib"; name = libsqlite3.dylib; path = usr/lib/libsqlite3.dylib; sourceTree = SDKROOT; };
		30D8F0CD19D7B19F000025F3 /* DFMyMessageVC.h */ = {isa = PBXFileReference; fileEncoding = 4; lastKnownFileType = sourcecode.c.h; path = DFMyMessageVC.h; sourceTree = "<group>"; };
		30D8F0CE19D7B19F000025F3 /* DFMyMessageVC.m */ = {isa = PBXFileReference; fileEncoding = 4; lastKnownFileType = sourcecode.c.objc; path = DFMyMessageVC.m; sourceTree = "<group>"; };
		30D8F0D019D7B1B7000025F3 /* DFMyTopMessageVC.h */ = {isa = PBXFileReference; fileEncoding = 4; lastKnownFileType = sourcecode.c.h; path = DFMyTopMessageVC.h; sourceTree = "<group>"; };
		30D8F0D119D7B1B7000025F3 /* DFMyTopMessageVC.m */ = {isa = PBXFileReference; fileEncoding = 4; lastKnownFileType = sourcecode.c.objc; path = DFMyTopMessageVC.m; sourceTree = "<group>"; };
		30D8F0D319D7B1D2000025F3 /* DFUserInfoSettingVC.h */ = {isa = PBXFileReference; fileEncoding = 4; lastKnownFileType = sourcecode.c.h; path = DFUserInfoSettingVC.h; sourceTree = "<group>"; };
		30D8F0D419D7B1D2000025F3 /* DFUserInfoSettingVC.m */ = {isa = PBXFileReference; fileEncoding = 4; lastKnownFileType = sourcecode.c.objc; path = DFUserInfoSettingVC.m; sourceTree = "<group>"; };
		30D8F0D619D7B1F5000025F3 /* DFSupplementVC.h */ = {isa = PBXFileReference; fileEncoding = 4; lastKnownFileType = sourcecode.c.h; path = DFSupplementVC.h; sourceTree = "<group>"; };
		30D8F0D719D7B1F5000025F3 /* DFSupplementVC.m */ = {isa = PBXFileReference; fileEncoding = 4; lastKnownFileType = sourcecode.c.objc; path = DFSupplementVC.m; sourceTree = "<group>"; };
		30DCFBE819FA8C2500785CD8 /* libUMFeedback.a */ = {isa = PBXFileReference; lastKnownFileType = archive.ar; path = libUMFeedback.a; sourceTree = "<group>"; };
		30DCFBE919FA8C2500785CD8 /* UMFeedback.h */ = {isa = PBXFileReference; fileEncoding = 4; lastKnownFileType = sourcecode.c.h; path = UMFeedback.h; sourceTree = "<group>"; };
		30DCFBEE19FA8E0C00785CD8 /* UMContactViewController.h */ = {isa = PBXFileReference; fileEncoding = 4; lastKnownFileType = sourcecode.c.h; path = UMContactViewController.h; sourceTree = "<group>"; };
		30DCFBEF19FA8E0C00785CD8 /* UMContactViewController.m */ = {isa = PBXFileReference; fileEncoding = 4; lastKnownFileType = sourcecode.c.objc; path = UMContactViewController.m; sourceTree = "<group>"; };
		30DCFBF019FA8E0C00785CD8 /* UMContactViewController.xib */ = {isa = PBXFileReference; fileEncoding = 4; lastKnownFileType = file.xib; path = UMContactViewController.xib; sourceTree = "<group>"; };
		30DCFBF119FA8E0C00785CD8 /* UMFeedbackTableViewCellLeft.h */ = {isa = PBXFileReference; fileEncoding = 4; lastKnownFileType = sourcecode.c.h; path = UMFeedbackTableViewCellLeft.h; sourceTree = "<group>"; };
		30DCFBF219FA8E0C00785CD8 /* UMFeedbackTableViewCellLeft.m */ = {isa = PBXFileReference; fileEncoding = 4; lastKnownFileType = sourcecode.c.objc; path = UMFeedbackTableViewCellLeft.m; sourceTree = "<group>"; };
		30DCFBF319FA8E0C00785CD8 /* UMFeedbackTableViewCellRight.h */ = {isa = PBXFileReference; fileEncoding = 4; lastKnownFileType = sourcecode.c.h; path = UMFeedbackTableViewCellRight.h; sourceTree = "<group>"; };
		30DCFBF419FA8E0C00785CD8 /* UMFeedbackTableViewCellRight.m */ = {isa = PBXFileReference; fileEncoding = 4; lastKnownFileType = sourcecode.c.objc; path = UMFeedbackTableViewCellRight.m; sourceTree = "<group>"; };
		30DCFBF519FA8E0C00785CD8 /* UMFeedbackViewController.h */ = {isa = PBXFileReference; fileEncoding = 4; lastKnownFileType = sourcecode.c.h; path = UMFeedbackViewController.h; sourceTree = "<group>"; };
		30DCFBF619FA8E0C00785CD8 /* UMFeedbackViewController.m */ = {isa = PBXFileReference; fileEncoding = 4; lastKnownFileType = sourcecode.c.objc; path = UMFeedbackViewController.m; sourceTree = "<group>"; };
		30DCFBF719FA8E0C00785CD8 /* UMFeedbackViewController.xib */ = {isa = PBXFileReference; fileEncoding = 4; lastKnownFileType = file.xib; path = UMFeedbackViewController.xib; sourceTree = "<group>"; };
		30DCFBFE19FA8EB800785CD8 /* UMEGORefreshTableHeaderView.h */ = {isa = PBXFileReference; fileEncoding = 4; lastKnownFileType = sourcecode.c.h; path = UMEGORefreshTableHeaderView.h; sourceTree = "<group>"; };
		30DCFBFF19FA8EB800785CD8 /* UMEGORefreshTableHeaderView.m */ = {isa = PBXFileReference; fileEncoding = 4; lastKnownFileType = sourcecode.c.objc; path = UMEGORefreshTableHeaderView.m; sourceTree = "<group>"; };
		30DCFC0119FA9F0100785CD8 /* help.html */ = {isa = PBXFileReference; fileEncoding = 4; lastKnownFileType = text.html; path = help.html; sourceTree = "<group>"; };
		30DCFC0419FA9F7F00785CD8 /* DFHelpVC.h */ = {isa = PBXFileReference; fileEncoding = 4; lastKnownFileType = sourcecode.c.h; path = DFHelpVC.h; sourceTree = "<group>"; };
		30DCFC0519FA9F7F00785CD8 /* DFHelpVC.m */ = {isa = PBXFileReference; fileEncoding = 4; lastKnownFileType = sourcecode.c.objc; path = DFHelpVC.m; sourceTree = "<group>"; };
		30DCFC0819FAA32300785CD8 /* MJRefresh.bundle */ = {isa = PBXFileReference; lastKnownFileType = "wrapper.plug-in"; path = MJRefresh.bundle; sourceTree = "<group>"; };
		30DCFC0919FAA32400785CD8 /* MJRefresh.h */ = {isa = PBXFileReference; fileEncoding = 4; lastKnownFileType = sourcecode.c.h; path = MJRefresh.h; sourceTree = "<group>"; };
		30DCFC0A19FAA32400785CD8 /* MJRefreshBaseView.h */ = {isa = PBXFileReference; fileEncoding = 4; lastKnownFileType = sourcecode.c.h; path = MJRefreshBaseView.h; sourceTree = "<group>"; };
		30DCFC0B19FAA32400785CD8 /* MJRefreshBaseView.m */ = {isa = PBXFileReference; fileEncoding = 4; lastKnownFileType = sourcecode.c.objc; path = MJRefreshBaseView.m; sourceTree = "<group>"; };
		30DCFC0C19FAA32400785CD8 /* MJRefreshConst.h */ = {isa = PBXFileReference; fileEncoding = 4; lastKnownFileType = sourcecode.c.h; path = MJRefreshConst.h; sourceTree = "<group>"; };
		30DCFC0D19FAA32400785CD8 /* MJRefreshConst.m */ = {isa = PBXFileReference; fileEncoding = 4; lastKnownFileType = sourcecode.c.objc; path = MJRefreshConst.m; sourceTree = "<group>"; };
		30DCFC0E19FAA32400785CD8 /* MJRefreshFooterView.h */ = {isa = PBXFileReference; fileEncoding = 4; lastKnownFileType = sourcecode.c.h; path = MJRefreshFooterView.h; sourceTree = "<group>"; };
		30DCFC0F19FAA32400785CD8 /* MJRefreshFooterView.m */ = {isa = PBXFileReference; fileEncoding = 4; lastKnownFileType = sourcecode.c.objc; path = MJRefreshFooterView.m; sourceTree = "<group>"; };
		30DCFC1019FAA32400785CD8 /* MJRefreshHeaderView.h */ = {isa = PBXFileReference; fileEncoding = 4; lastKnownFileType = sourcecode.c.h; path = MJRefreshHeaderView.h; sourceTree = "<group>"; };
		30DCFC1119FAA32400785CD8 /* MJRefreshHeaderView.m */ = {isa = PBXFileReference; fileEncoding = 4; lastKnownFileType = sourcecode.c.objc; path = MJRefreshHeaderView.m; sourceTree = "<group>"; };
		30DCFC1219FAA32400785CD8 /* UIScrollView+Extension.h */ = {isa = PBXFileReference; fileEncoding = 4; lastKnownFileType = sourcecode.c.h; path = "UIScrollView+Extension.h"; sourceTree = "<group>"; };
		30DCFC1319FAA32400785CD8 /* UIScrollView+Extension.m */ = {isa = PBXFileReference; fileEncoding = 4; lastKnownFileType = sourcecode.c.objc; path = "UIScrollView+Extension.m"; sourceTree = "<group>"; };
		30DCFC1419FAA32400785CD8 /* UIScrollView+MJRefresh.h */ = {isa = PBXFileReference; fileEncoding = 4; lastKnownFileType = sourcecode.c.h; path = "UIScrollView+MJRefresh.h"; sourceTree = "<group>"; };
		30DCFC1519FAA32400785CD8 /* UIScrollView+MJRefresh.m */ = {isa = PBXFileReference; fileEncoding = 4; lastKnownFileType = sourcecode.c.objc; path = "UIScrollView+MJRefresh.m"; sourceTree = "<group>"; };
		30DCFC1619FAA32400785CD8 /* UIView+Extension.h */ = {isa = PBXFileReference; fileEncoding = 4; lastKnownFileType = sourcecode.c.h; path = "UIView+Extension.h"; sourceTree = "<group>"; };
		30DCFC1719FAA32400785CD8 /* UIView+Extension.m */ = {isa = PBXFileReference; fileEncoding = 4; lastKnownFileType = sourcecode.c.objc; path = "UIView+Extension.m"; sourceTree = "<group>"; };
		5A64997A877349659A8A9081 /* Pods.xcconfig */ = {isa = PBXFileReference; includeInIndex = 1; lastKnownFileType = text.xcconfig; name = Pods.xcconfig; path = Pods/Pods.xcconfig; sourceTree = "<group>"; };
		CE4BD7BE5CA74542BC9D323E /* libPods.a */ = {isa = PBXFileReference; explicitFileType = archive.ar; includeInIndex = 0; path = libPods.a; sourceTree = BUILT_PRODUCTS_DIR; };
/* End PBXFileReference section */

/* Begin PBXFrameworksBuildPhase section */
		30C4A41219B5FF74006B9E0D /* Frameworks */ = {
			isa = PBXFrameworksBuildPhase;
			buildActionMask = 2147483647;
			files = (
				30CDABE61A00750E00DF66F3 /* AssetsLibrary.framework in Frameworks */,
				30DCFBEA19FA8C2500785CD8 /* libUMFeedback.a in Frameworks */,
				30D79A4819C6D630007F110D /* libsqlite3.dylib in Frameworks */,
				30C4A41B19B5FF74006B9E0D /* CoreGraphics.framework in Frameworks */,
				30C4A41D19B5FF74006B9E0D /* UIKit.framework in Frameworks */,
				30C4A41919B5FF74006B9E0D /* Foundation.framework in Frameworks */,
				1548BF11BCD84E649EDCCD73 /* libPods.a in Frameworks */,
			);
			runOnlyForDeploymentPostprocessing = 0;
		};
		30C4A43319B5FF74006B9E0D /* Frameworks */ = {
			isa = PBXFrameworksBuildPhase;
			buildActionMask = 2147483647;
			files = (
				30C4A43819B5FF74006B9E0D /* XCTest.framework in Frameworks */,
				30C4A43A19B5FF74006B9E0D /* UIKit.framework in Frameworks */,
				30C4A43919B5FF74006B9E0D /* Foundation.framework in Frameworks */,
			);
			runOnlyForDeploymentPostprocessing = 0;
		};
/* End PBXFrameworksBuildPhase section */

/* Begin PBXGroup section */
		30003D7019C9CC1B0010A13F /* LMComBox */ = {
			isa = PBXGroup;
			children = (
				30003D7119C9CC1B0010A13F /* LMComBoxView.h */,
				30003D7219C9CC1B0010A13F /* LMComBoxView.m */,
				30003D7319C9CC1B0010A13F /* LMContainsLMComboxScrollView.h */,
				30003D7419C9CC1B0010A13F /* LMContainsLMComboxScrollView.m */,
			);
			path = LMComBox;
			sourceTree = "<group>";
		};
		301A603519D7EDF00050DBDE /* QRadioButton */ = {
			isa = PBXGroup;
			children = (
				301A603619D7EDF00050DBDE /* QRadioButton.h */,
				301A603719D7EDF00050DBDE /* QRadioButton.m */,
				301A603819D7EDF00050DBDE /* radio_checked.png */,
				301A603919D7EDF00050DBDE /* radio_checked@2x.png */,
				301A603A19D7EDF00050DBDE /* radio_unchecked.png */,
				301A603B19D7EDF00050DBDE /* radio_unchecked@2x.png */,
			);
			path = QRadioButton;
			sourceTree = "<group>";
		};
		301A604119EB9ED00050DBDE /* PopoverView */ = {
			isa = PBXGroup;
			children = (
				301A604219EB9ED00050DBDE /* PopoverView.h */,
				301A604319EB9ED00050DBDE /* PopoverView.m */,
			);
			path = PopoverView;
			sourceTree = "<group>";
		};
		30AF174A19F413D300B086A6 /* SDWebImage */ = {
			isa = PBXGroup;
			children = (
				30AF174B19F413D300B086A6 /* MKAnnotationView+WebCache.h */,
				30AF174C19F413D300B086A6 /* MKAnnotationView+WebCache.m */,
				30AF174D19F413D300B086A6 /* NSData+ImageContentType.h */,
				30AF174E19F413D300B086A6 /* NSData+ImageContentType.m */,
				30AF174F19F413D300B086A6 /* SDImageCache.h */,
				30AF175019F413D300B086A6 /* SDImageCache.m */,
				30AF175119F413D300B086A6 /* SDWebImageCompat.h */,
				30AF175219F413D300B086A6 /* SDWebImageCompat.m */,
				30AF175319F413D300B086A6 /* SDWebImageDecoder.h */,
				30AF175419F413D300B086A6 /* SDWebImageDecoder.m */,
				30AF175519F413D300B086A6 /* SDWebImageDownloader.h */,
				30AF175619F413D300B086A6 /* SDWebImageDownloader.m */,
				30AF175719F413D300B086A6 /* SDWebImageDownloaderOperation.h */,
				30AF175819F413D300B086A6 /* SDWebImageDownloaderOperation.m */,
				30AF175919F413D300B086A6 /* SDWebImageManager.h */,
				30AF175A19F413D300B086A6 /* SDWebImageManager.m */,
				30AF175B19F413D300B086A6 /* SDWebImageOperation.h */,
				30AF175C19F413D300B086A6 /* SDWebImagePrefetcher.h */,
				30AF175D19F413D300B086A6 /* SDWebImagePrefetcher.m */,
				30AF175E19F413D300B086A6 /* UIButton+WebCache.h */,
				30AF175F19F413D300B086A6 /* UIButton+WebCache.m */,
				30AF176019F413D300B086A6 /* UIImage+GIF.h */,
				30AF176119F413D300B086A6 /* UIImage+GIF.m */,
				30AF176219F413D300B086A6 /* UIImage+MultiFormat.h */,
				30AF176319F413D300B086A6 /* UIImage+MultiFormat.m */,
				30AF176419F413D300B086A6 /* UIImage+WebP.h */,
				30AF176519F413D300B086A6 /* UIImage+WebP.m */,
				30AF176619F413D300B086A6 /* UIImageView+WebCache.h */,
				30AF176719F413D300B086A6 /* UIImageView+WebCache.m */,
			);
			path = SDWebImage;
			sourceTree = "<group>";
		};
		30B9F65619CEDBB900335DF0 /* 发布 */ = {
			isa = PBXGroup;
			children = (
				30B9F65719CEDBFD00335DF0 /* DFSendVC.h */,
				30B9F65819CEDBFD00335DF0 /* DFSendVC.m */,
				30CDABE219FF8F0700DF66F3 /* photoCell.h */,
				30CDABE319FF8F0700DF66F3 /* photoCell.m */,
				30B9F65A19D060FF00335DF0 /* DFSelectFatherCateVC.h */,
				30B9F65B19D060FF00335DF0 /* DFSelectFatherCateVC.m */,
				30B9F65D19D0611500335DF0 /* DFSelectChildCateVC.h */,
				30B9F65E19D0611500335DF0 /* DFSelectChildCateVC.m */,
			);
			name = "发布";
			sourceTree = "<group>";
		};
		30C4A40C19B5FF74006B9E0D = {
			isa = PBXGroup;
			children = (
				30CDABDD19FF62A900DF66F3 /* Images.xcassets */,
				30DCFC0119FA9F0100785CD8 /* help.html */,
				30C4A41E19B5FF74006B9E0D /* df360 */,
				30C4A43D19B5FF74006B9E0D /* df360Tests */,
				30C4A41719B5FF74006B9E0D /* Frameworks */,
				30C4A41619B5FF74006B9E0D /* Products */,
				5A64997A877349659A8A9081 /* Pods.xcconfig */,
			);
			sourceTree = "<group>";
		};
		30C4A41619B5FF74006B9E0D /* Products */ = {
			isa = PBXGroup;
			children = (
				30C4A41519B5FF74006B9E0D /* df360.app */,
				30C4A43619B5FF74006B9E0D /* df360Tests.xctest */,
			);
			name = Products;
			sourceTree = "<group>";
		};
		30C4A41719B5FF74006B9E0D /* Frameworks */ = {
			isa = PBXGroup;
			children = (
				30CDABE51A00750E00DF66F3 /* AssetsLibrary.framework */,
				30D79A4719C6D630007F110D /* libsqlite3.dylib */,
				30C4A41819B5FF74006B9E0D /* Foundation.framework */,
				30C4A41A19B5FF74006B9E0D /* CoreGraphics.framework */,
				30C4A41C19B5FF74006B9E0D /* UIKit.framework */,
				30C4A43719B5FF74006B9E0D /* XCTest.framework */,
				CE4BD7BE5CA74542BC9D323E /* libPods.a */,
			);
			name = Frameworks;
			sourceTree = "<group>";
		};
		30C4A41E19B5FF74006B9E0D /* df360 */ = {
			isa = PBXGroup;
			children = (
				30DCFBE619FA8BF200785CD8 /* 友盟 */,
				30D36F3619B8AD5A00AED275 /* 工具类 */,
				30D79A1419C6B6C5007F110D /* 第三方类库 */,
				30C4A42719B5FF74006B9E0D /* DFAppDelegate.h */,
				30C4A42819B5FF74006B9E0D /* DFAppDelegate.m */,
				30C4A42A19B5FF74006B9E0D /* Main.storyboard */,
				30D79A1019C6B665007F110D /* 首页 */,
				30D79A0E19C6B62A007F110D /* 个人中心 */,
				30D79A1319C6B695007F110D /* 夜猫基地 */,
				30D79A1119C6B67A007F110D /* 团购 */,
				30D79A1219C6B689007F110D /* 设置 */,
				30B9F65619CEDBB900335DF0 /* 发布 */,
				30C4A41F19B5FF74006B9E0D /* Supporting Files */,
			);
			path = df360;
			sourceTree = "<group>";
		};
		30C4A41F19B5FF74006B9E0D /* Supporting Files */ = {
			isa = PBXGroup;
			children = (
				30C4A42019B5FF74006B9E0D /* df360-Info.plist */,
				30C4A42119B5FF74006B9E0D /* InfoPlist.strings */,
				30C4A42419B5FF74006B9E0D /* main.m */,
				30C4A42619B5FF74006B9E0D /* df360-Prefix.pch */,
			);
			name = "Supporting Files";
			sourceTree = "<group>";
		};
		30C4A43D19B5FF74006B9E0D /* df360Tests */ = {
			isa = PBXGroup;
			children = (
				30C4A44319B5FF74006B9E0D /* df360Tests.m */,
				30C4A43E19B5FF74006B9E0D /* Supporting Files */,
			);
			path = df360Tests;
			sourceTree = "<group>";
		};
		30C4A43E19B5FF74006B9E0D /* Supporting Files */ = {
			isa = PBXGroup;
			children = (
				30C4A43F19B5FF74006B9E0D /* df360Tests-Info.plist */,
				30C4A44019B5FF74006B9E0D /* InfoPlist.strings */,
			);
			name = "Supporting Files";
			sourceTree = "<group>";
		};
		30D36F3619B8AD5A00AED275 /* 工具类 */ = {
			isa = PBXGroup;
			children = (
				30D36F3719B8AD9C00AED275 /* DFToolView.h */,
				30D36F3819B8AD9C00AED275 /* DFToolView.m */,
				30D79A0819C5BA27007F110D /* DFToolClass.h */,
				30D79A0919C5BA27007F110D /* DFToolClass.m */,
				30D79A0B19C5C5D2007F110D /* DFRequestUrl.h */,
				30D79A0C19C5C5D2007F110D /* DFRequestUrl.m */,
				30D79A4419C6BB36007F110D /* DFCustomViewController.h */,
				30D79A4519C6BB36007F110D /* DFCustomViewController.m */,
				30003D7719C9D97D0010A13F /* DFCustomTableViewCell.h */,
				30003D7819C9D97D0010A13F /* DFCustomTableViewCell.m */,
			);
			name = "工具类";
			sourceTree = "<group>";
		};
		30D79A0E19C6B62A007F110D /* 个人中心 */ = {
			isa = PBXGroup;
			children = (
				30C4A44D19B60691006B9E0D /* DFUserCenterVC.h */,
				30C4A44E19B60691006B9E0D /* DFUserCenterVC.m */,
				3005DB4F19C598BF008591A2 /* DFLoginVC.h */,
				3005DB5019C598BF008591A2 /* DFLoginVC.m */,
				3005DB5219C5995C008591A2 /* DFRegisterVC.h */,
				3005DB5319C5995C008591A2 /* DFRegisterVC.m */,
				30D8F0CD19D7B19F000025F3 /* DFMyMessageVC.h */,
				30D8F0CE19D7B19F000025F3 /* DFMyMessageVC.m */,
				30D8F0D019D7B1B7000025F3 /* DFMyTopMessageVC.h */,
				30D8F0D119D7B1B7000025F3 /* DFMyTopMessageVC.m */,
				30D8F0D319D7B1D2000025F3 /* DFUserInfoSettingVC.h */,
				30D8F0D419D7B1D2000025F3 /* DFUserInfoSettingVC.m */,
				30D8F0D619D7B1F5000025F3 /* DFSupplementVC.h */,
				30D8F0D719D7B1F5000025F3 /* DFSupplementVC.m */,
				30CDABDF19FF722B00DF66F3 /* DFGetIntegral.h */,
				30CDABE019FF722B00DF66F3 /* DFGetIntegral.m */,
			);
			name = "个人中心";
			sourceTree = "<group>";
		};
		30D79A1019C6B665007F110D /* 首页 */ = {
			isa = PBXGroup;
			children = (
				30C4A42D19B5FF74006B9E0D /* DFViewController.h */,
				30C4A42E19B5FF74006B9E0D /* DFViewController.m */,
				30A412A419CEB636006AE94D /* DFChildVC.h */,
				30A412A519CEB636006AE94D /* DFChildVC.m */,
				30D631FE19D2E7D100FD3706 /* DFChildDetailVC.h */,
				30D631FF19D2E7D100FD3706 /* DFChildDetailVC.m */,
				3006D41919F5500800BBAC5D /* DFTopInfoVC.h */,
				3006D41A19F5500800BBAC5D /* DFTopInfoVC.m */,
			);
			name = "首页";
			sourceTree = "<group>";
		};
		30D79A1119C6B67A007F110D /* 团购 */ = {
			isa = PBXGroup;
			children = (
				30C4A45019B60872006B9E0D /* DFTodayShoppingVC.h */,
				30C4A45119B60872006B9E0D /* DFTodayShoppingVC.m */,
				30AF174719F404BF00B086A6 /* DFShoppingDetailVC.h */,
				30AF174819F404BF00B086A6 /* DFShoppingDetailVC.m */,
				3006D41619F5370100BBAC5D /* DFShoppingBuyVC.h */,
				3006D41719F5370100BBAC5D /* DFShoppingBuyVC.m */,
			);
			name = "团购";
			sourceTree = "<group>";
		};
		30D79A1219C6B689007F110D /* 设置 */ = {
			isa = PBXGroup;
			children = (
				30C4A45319B60897006B9E0D /* DFSettingVC.h */,
				30C4A45419B60897006B9E0D /* DFSettingVC.m */,
				30DCFC0419FA9F7F00785CD8 /* DFHelpVC.h */,
				30DCFC0519FA9F7F00785CD8 /* DFHelpVC.m */,
				30DCFC0319FA9F5E00785CD8 /* 友盟反馈 */,
			);
			name = "设置";
			sourceTree = "<group>";
		};
		30D79A1319C6B695007F110D /* 夜猫基地 */ = {
			isa = PBXGroup;
			children = (
				3005DB4C19C586DD008591A2 /* DFQSBKVC.h */,
				3005DB4D19C586DD008591A2 /* DFQSBKVC.m */,
				30003D7A19CACA890010A13F /* DFSendQBVC.h */,
				30003D7B19CACA890010A13F /* DFSendQBVC.m */,
				30003D7D19CADFFD0010A13F /* DFQBDetailVC.h */,
				30003D7E19CADFFD0010A13F /* DFQBDetailVC.m */,
				30A0EEC519F7F93200DAD260 /* DFQBMessageVC.h */,
				30A0EEC619F7F93200DAD260 /* DFQBMessageVC.m */,
			);
			name = "夜猫基地";
			sourceTree = "<group>";
		};
		30D79A1419C6B6C5007F110D /* 第三方类库 */ = {
			isa = PBXGroup;
			children = (
				30DCFC0719FAA32300785CD8 /* MJRefresh */,
				30AF174A19F413D300B086A6 /* SDWebImage */,
				301A604119EB9ED00050DBDE /* PopoverView */,
				301A603519D7EDF00050DBDE /* QRadioButton */,
				30003D7019C9CC1B0010A13F /* LMComBox */,
				30D79A2519C6B71B007F110D /* RefreshView */,
				30D79A1519C6B70C007F110D /* FMDB */,
			);
			name = "第三方类库";
			sourceTree = "<group>";
		};
		30D79A1519C6B70C007F110D /* FMDB */ = {
			isa = PBXGroup;
			children = (
				30D79A1619C6B70C007F110D /* FMDatabase.h */,
				30D79A1719C6B70C007F110D /* FMDatabase.m */,
				30D79A1819C6B70C007F110D /* FMDatabaseAdditions.h */,
				30D79A1919C6B70C007F110D /* FMDatabaseAdditions.m */,
				30D79A1A19C6B70C007F110D /* FMDatabasePool.h */,
				30D79A1B19C6B70C007F110D /* FMDatabasePool.m */,
				30D79A1C19C6B70C007F110D /* FMDatabaseQueue.h */,
				30D79A1D19C6B70C007F110D /* FMDatabaseQueue.m */,
				30D79A1E19C6B70C007F110D /* FMResultSet.h */,
				30D79A1F19C6B70C007F110D /* FMResultSet.m */,
			);
			path = FMDB;
			sourceTree = "<group>";
		};
		30D79A2519C6B71B007F110D /* RefreshView */ = {
			isa = PBXGroup;
			children = (
				30D79A2619C6B71B007F110D /* blackArrow.png */,
				30D79A2719C6B71B007F110D /* blackArrow@2x.png */,
				30D79A2819C6B71B007F110D /* blueArrow.png */,
				30D79A2919C6B71B007F110D /* blueArrow@2x.png */,
				30D79A2A19C6B71B007F110D /* grayArrow.png */,
				30D79A2B19C6B71B007F110D /* grayArrow@2x.png */,
				30D79A2C19C6B71B007F110D /* loading_icon.png */,
				30D79A2D19C6B71B007F110D /* loading_icon@2x.png */,
				30D79A2E19C6B71B007F110D /* refresh_release.wav */,
				30D79A2F19C6B71B007F110D /* refresh_triggering.wav */,
				30D79A3019C6B71B007F110D /* RefreshView.h */,
				30D79A3119C6B71B007F110D /* RefreshView.m */,
				30D79A3219C6B71B007F110D /* whiteArrow.png */,
				30D79A3319C6B71B007F110D /* whiteArrow@2x.png */,
				30D79A3419C6B71B007F110D /* RefreshLocal.strings */,
			);
			path = RefreshView;
			sourceTree = "<group>";
		};
		30DCFBE619FA8BF200785CD8 /* 友盟 */ = {
			isa = PBXGroup;
			children = (
				30DCFBE719FA8BF900785CD8 /* 反馈 */,
			);
			name = "友盟";
			sourceTree = "<group>";
		};
		30DCFBE719FA8BF900785CD8 /* 反馈 */ = {
			isa = PBXGroup;
			children = (
				30DCFBE819FA8C2500785CD8 /* libUMFeedback.a */,
				30DCFBE919FA8C2500785CD8 /* UMFeedback.h */,
			);
			name = "反馈";
			sourceTree = "<group>";
		};
		30DCFC0319FA9F5E00785CD8 /* 友盟反馈 */ = {
			isa = PBXGroup;
			children = (
				30DCFBFE19FA8EB800785CD8 /* UMEGORefreshTableHeaderView.h */,
				30DCFBFF19FA8EB800785CD8 /* UMEGORefreshTableHeaderView.m */,
				30DCFBEE19FA8E0C00785CD8 /* UMContactViewController.h */,
				30DCFBEF19FA8E0C00785CD8 /* UMContactViewController.m */,
				30DCFBF019FA8E0C00785CD8 /* UMContactViewController.xib */,
				30DCFBF119FA8E0C00785CD8 /* UMFeedbackTableViewCellLeft.h */,
				30DCFBF219FA8E0C00785CD8 /* UMFeedbackTableViewCellLeft.m */,
				30DCFBF319FA8E0C00785CD8 /* UMFeedbackTableViewCellRight.h */,
				30DCFBF419FA8E0C00785CD8 /* UMFeedbackTableViewCellRight.m */,
				30DCFBF519FA8E0C00785CD8 /* UMFeedbackViewController.h */,
				30DCFBF619FA8E0C00785CD8 /* UMFeedbackViewController.m */,
				30DCFBF719FA8E0C00785CD8 /* UMFeedbackViewController.xib */,
			);
			name = "友盟反馈";
			sourceTree = "<group>";
		};
		30DCFC0719FAA32300785CD8 /* MJRefresh */ = {
			isa = PBXGroup;
			children = (
				30DCFC0819FAA32300785CD8 /* MJRefresh.bundle */,
				30DCFC0919FAA32400785CD8 /* MJRefresh.h */,
				30DCFC0A19FAA32400785CD8 /* MJRefreshBaseView.h */,
				30DCFC0B19FAA32400785CD8 /* MJRefreshBaseView.m */,
				30DCFC0C19FAA32400785CD8 /* MJRefreshConst.h */,
				30DCFC0D19FAA32400785CD8 /* MJRefreshConst.m */,
				30DCFC0E19FAA32400785CD8 /* MJRefreshFooterView.h */,
				30DCFC0F19FAA32400785CD8 /* MJRefreshFooterView.m */,
				30DCFC1019FAA32400785CD8 /* MJRefreshHeaderView.h */,
				30DCFC1119FAA32400785CD8 /* MJRefreshHeaderView.m */,
				30DCFC1219FAA32400785CD8 /* UIScrollView+Extension.h */,
				30DCFC1319FAA32400785CD8 /* UIScrollView+Extension.m */,
				30DCFC1419FAA32400785CD8 /* UIScrollView+MJRefresh.h */,
				30DCFC1519FAA32400785CD8 /* UIScrollView+MJRefresh.m */,
				30DCFC1619FAA32400785CD8 /* UIView+Extension.h */,
				30DCFC1719FAA32400785CD8 /* UIView+Extension.m */,
			);
			path = MJRefresh;
			sourceTree = "<group>";
		};
/* End PBXGroup section */

/* Begin PBXNativeTarget section */
		30C4A41419B5FF74006B9E0D /* df360 */ = {
			isa = PBXNativeTarget;
			buildConfigurationList = 30C4A44719B5FF74006B9E0D /* Build configuration list for PBXNativeTarget "df360" */;
			buildPhases = (
				7908765A3D964305A2B8AA49 /* Check Pods Manifest.lock */,
				30C4A41119B5FF74006B9E0D /* Sources */,
				30C4A41219B5FF74006B9E0D /* Frameworks */,
				30C4A41319B5FF74006B9E0D /* Resources */,
				E433EA2F5DC54998A005A0A2 /* Copy Pods Resources */,
			);
			buildRules = (
			);
			dependencies = (
			);
			name = df360;
			productName = df360;
			productReference = 30C4A41519B5FF74006B9E0D /* df360.app */;
			productType = "com.apple.product-type.application";
		};
		30C4A43519B5FF74006B9E0D /* df360Tests */ = {
			isa = PBXNativeTarget;
			buildConfigurationList = 30C4A44A19B5FF74006B9E0D /* Build configuration list for PBXNativeTarget "df360Tests" */;
			buildPhases = (
				30C4A43219B5FF74006B9E0D /* Sources */,
				30C4A43319B5FF74006B9E0D /* Frameworks */,
				30C4A43419B5FF74006B9E0D /* Resources */,
			);
			buildRules = (
			);
			dependencies = (
				30C4A43C19B5FF74006B9E0D /* PBXTargetDependency */,
			);
			name = df360Tests;
			productName = df360Tests;
			productReference = 30C4A43619B5FF74006B9E0D /* df360Tests.xctest */;
			productType = "com.apple.product-type.bundle.unit-test";
		};
/* End PBXNativeTarget section */

/* Begin PBXProject section */
		30C4A40D19B5FF74006B9E0D /* Project object */ = {
			isa = PBXProject;
			attributes = {
				CLASSPREFIX = DF;
				LastUpgradeCheck = 0510;
				ORGANIZATIONNAME = "___FULLUSERNAME___";
				TargetAttributes = {
					30C4A43519B5FF74006B9E0D = {
						TestTargetID = 30C4A41419B5FF74006B9E0D;
					};
				};
			};
			buildConfigurationList = 30C4A41019B5FF74006B9E0D /* Build configuration list for PBXProject "df360" */;
			compatibilityVersion = "Xcode 3.2";
			developmentRegion = English;
			hasScannedForEncodings = 0;
			knownRegions = (
				en,
				Base,
				"zh-Hans",
			);
			mainGroup = 30C4A40C19B5FF74006B9E0D;
			productRefGroup = 30C4A41619B5FF74006B9E0D /* Products */;
			projectDirPath = "";
			projectRoot = "";
			targets = (
				30C4A41419B5FF74006B9E0D /* df360 */,
				30C4A43519B5FF74006B9E0D /* df360Tests */,
			);
		};
/* End PBXProject section */

/* Begin PBXResourcesBuildPhase section */
		30C4A41319B5FF74006B9E0D /* Resources */ = {
			isa = PBXResourcesBuildPhase;
			buildActionMask = 2147483647;
			files = (
				30D79A3619C6B71B007F110D /* blackArrow.png in Resources */,
				30C4A42319B5FF74006B9E0D /* InfoPlist.strings in Resources */,
				301A604019D7EDF00050DBDE /* radio_unchecked@2x.png in Resources */,
				30D79A4119C6B71B007F110D /* whiteArrow.png in Resources */,
				30D79A3B19C6B71B007F110D /* grayArrow@2x.png in Resources */,
				30D79A3D19C6B71B007F110D /* loading_icon@2x.png in Resources */,
				30D79A4319C6B71B007F110D /* RefreshLocal.strings in Resources */,
				30D79A3919C6B71B007F110D /* blueArrow@2x.png in Resources */,
				30D79A4219C6B71B007F110D /* whiteArrow@2x.png in Resources */,
				30CDABDE19FF62A900DF66F3 /* Images.xcassets in Resources */,
				301A603D19D7EDF00050DBDE /* radio_checked.png in Resources */,
				30DCFC0219FA9F0100785CD8 /* help.html in Resources */,
				301A603F19D7EDF00050DBDE /* radio_unchecked.png in Resources */,
				30D79A3819C6B71B007F110D /* blueArrow.png in Resources */,
				30DCFC1819FAA32400785CD8 /* MJRefresh.bundle in Resources */,
				30D79A3F19C6B71B007F110D /* refresh_triggering.wav in Resources */,
				30D79A3719C6B71B007F110D /* blackArrow@2x.png in Resources */,
				30D79A3A19C6B71B007F110D /* grayArrow.png in Resources */,
				30C4A42C19B5FF74006B9E0D /* Main.storyboard in Resources */,
				30D79A3E19C6B71B007F110D /* refresh_release.wav in Resources */,
				301A603E19D7EDF00050DBDE /* radio_checked@2x.png in Resources */,
				30DCFBF919FA8E0C00785CD8 /* UMContactViewController.xib in Resources */,
				30D79A3C19C6B71B007F110D /* loading_icon.png in Resources */,
				30DCFBFD19FA8E0C00785CD8 /* UMFeedbackViewController.xib in Resources */,
			);
			runOnlyForDeploymentPostprocessing = 0;
		};
		30C4A43419B5FF74006B9E0D /* Resources */ = {
			isa = PBXResourcesBuildPhase;
			buildActionMask = 2147483647;
			files = (
				30C4A44219B5FF74006B9E0D /* InfoPlist.strings in Resources */,
			);
			runOnlyForDeploymentPostprocessing = 0;
		};
/* End PBXResourcesBuildPhase section */

/* Begin PBXShellScriptBuildPhase section */
		7908765A3D964305A2B8AA49 /* Check Pods Manifest.lock */ = {
			isa = PBXShellScriptBuildPhase;
			buildActionMask = 2147483647;
			files = (
			);
			inputPaths = (
			);
			name = "Check Pods Manifest.lock";
			outputPaths = (
			);
			runOnlyForDeploymentPostprocessing = 0;
			shellPath = /bin/sh;
			shellScript = "diff \"${PODS_ROOT}/../Podfile.lock\" \"${PODS_ROOT}/Manifest.lock\" > /dev/null\nif [[ $? != 0 ]] ; then\n    cat << EOM\nerror: The sandbox is not in sync with the Podfile.lock. Run 'pod install' or update your CocoaPods installation.\nEOM\n    exit 1\nfi\n";
			showEnvVarsInLog = 0;
		};
		E433EA2F5DC54998A005A0A2 /* Copy Pods Resources */ = {
			isa = PBXShellScriptBuildPhase;
			buildActionMask = 2147483647;
			files = (
			);
			inputPaths = (
			);
			name = "Copy Pods Resources";
			outputPaths = (
			);
			runOnlyForDeploymentPostprocessing = 0;
			shellPath = /bin/sh;
			shellScript = "\"${SRCROOT}/Pods/Pods-resources.sh\"\n";
			showEnvVarsInLog = 0;
		};
/* End PBXShellScriptBuildPhase section */

/* Begin PBXSourcesBuildPhase section */
		30C4A41119B5FF74006B9E0D /* Sources */ = {
			isa = PBXSourcesBuildPhase;
			buildActionMask = 2147483647;
			files = (
				30DCFC1B19FAA32400785CD8 /* MJRefreshFooterView.m in Sources */,
				30CDABE119FF722B00DF66F3 /* DFGetIntegral.m in Sources */,
				30AF176C19F413D300B086A6 /* SDWebImageDecoder.m in Sources */,
				30AF176F19F413D300B086A6 /* SDWebImageManager.m in Sources */,
				30DCFC1D19FAA32400785CD8 /* UIScrollView+Extension.m in Sources */,
				30D79A4619C6BB36007F110D /* DFCustomViewController.m in Sources */,
				3005DB5119C598BF008591A2 /* DFLoginVC.m in Sources */,
				3005DB5419C5995C008591A2 /* DFRegisterVC.m in Sources */,
				30003D7619C9CC1B0010A13F /* LMContainsLMComboxScrollView.m in Sources */,
				30DCFC1E19FAA32400785CD8 /* UIScrollView+MJRefresh.m in Sources */,
				30B9F65F19D0611500335DF0 /* DFSelectChildCateVC.m in Sources */,
				30B9F65919CEDBFD00335DF0 /* DFSendVC.m in Sources */,
				30AF176819F413D300B086A6 /* MKAnnotationView+WebCache.m in Sources */,
				30003D7919C9D97D0010A13F /* DFCustomTableViewCell.m in Sources */,
				30DCFC1A19FAA32400785CD8 /* MJRefreshConst.m in Sources */,
				30D79A2019C6B70C007F110D /* FMDatabase.m in Sources */,
				30AF177419F413D300B086A6 /* UIImage+WebP.m in Sources */,
				30DCFC0619FA9F7F00785CD8 /* DFHelpVC.m in Sources */,
				30C4A42919B5FF74006B9E0D /* DFAppDelegate.m in Sources */,
				30AF176A19F413D300B086A6 /* SDImageCache.m in Sources */,
				30003D7519C9CC1B0010A13F /* LMComBoxView.m in Sources */,
				30D8F0CF19D7B19F000025F3 /* DFMyMessageVC.m in Sources */,
				301A604419EB9ED00050DBDE /* PopoverView.m in Sources */,
				30DCFC1919FAA32400785CD8 /* MJRefreshBaseView.m in Sources */,
				30AF177319F413D300B086A6 /* UIImage+MultiFormat.m in Sources */,
				30DCFC1F19FAA32400785CD8 /* UIView+Extension.m in Sources */,
				3005DB4E19C586DD008591A2 /* DFQSBKVC.m in Sources */,
				30AF174919F404BF00B086A6 /* DFShoppingDetailVC.m in Sources */,
				30A412A619CEB636006AE94D /* DFChildVC.m in Sources */,
				30AF177219F413D300B086A6 /* UIImage+GIF.m in Sources */,
				30AF176B19F413D300B086A6 /* SDWebImageCompat.m in Sources */,
				30003D7C19CACA890010A13F /* DFSendQBVC.m in Sources */,
				30CDABE419FF8F0700DF66F3 /* photoCell.m in Sources */,
				30D79A2119C6B70C007F110D /* FMDatabaseAdditions.m in Sources */,
				30DCFBFB19FA8E0C00785CD8 /* UMFeedbackTableViewCellRight.m in Sources */,
				30D79A4019C6B71B007F110D /* RefreshView.m in Sources */,
				30C4A45519B60897006B9E0D /* DFSettingVC.m in Sources */,
				30AF176E19F413D300B086A6 /* SDWebImageDownloaderOperation.m in Sources */,
				30D79A2219C6B70C007F110D /* FMDatabasePool.m in Sources */,
				30DCFBF819FA8E0C00785CD8 /* UMContactViewController.m in Sources */,
				30D8F0D819D7B1F5000025F3 /* DFSupplementVC.m in Sources */,
				3006D41B19F5500800BBAC5D /* DFTopInfoVC.m in Sources */,
				301A603C19D7EDF00050DBDE /* QRadioButton.m in Sources */,
				30C4A45219B60872006B9E0D /* DFTodayShoppingVC.m in Sources */,
				30AF177519F413D300B086A6 /* UIImageView+WebCache.m in Sources */,
				30A0EEC719F7F93200DAD260 /* DFQBMessageVC.m in Sources */,
				30D79A2319C6B70C007F110D /* FMDatabaseQueue.m in Sources */,
				30C4A42F19B5FF74006B9E0D /* DFViewController.m in Sources */,
				30D79A0D19C5C5D2007F110D /* DFRequestUrl.m in Sources */,
				30B9F65C19D060FF00335DF0 /* DFSelectFatherCateVC.m in Sources */,
				30003D7F19CADFFD0010A13F /* DFQBDetailVC.m in Sources */,
				30C4A44F19B60691006B9E0D /* DFUserCenterVC.m in Sources */,
				30D79A2419C6B70C007F110D /* FMResultSet.m in Sources */,
				30AF177019F413D300B086A6 /* SDWebImagePrefetcher.m in Sources */,
				30DCFBFA19FA8E0C00785CD8 /* UMFeedbackTableViewCellLeft.m in Sources */,
				30D36F3919B8AD9C00AED275 /* DFToolView.m in Sources */,
				30DCFC1C19FAA32400785CD8 /* MJRefreshHeaderView.m in Sources */,
				30AF176919F413D300B086A6 /* NSData+ImageContentType.m in Sources */,
				30DCFC0019FA8EB800785CD8 /* UMEGORefreshTableHeaderView.m in Sources */,
				30D8F0D219D7B1B7000025F3 /* DFMyTopMessageVC.m in Sources */,
				30D8F0D519D7B1D2000025F3 /* DFUserInfoSettingVC.m in Sources */,
				30D79A0A19C5BA27007F110D /* DFToolClass.m in Sources */,
				3006D41819F5370100BBAC5D /* DFShoppingBuyVC.m in Sources */,
				30D6320019D2E7D100FD3706 /* DFChildDetailVC.m in Sources */,
				30AF177119F413D300B086A6 /* UIButton+WebCache.m in Sources */,
				30AF176D19F413D300B086A6 /* SDWebImageDownloader.m in Sources */,
				30DCFBFC19FA8E0C00785CD8 /* UMFeedbackViewController.m in Sources */,
				30C4A42519B5FF74006B9E0D /* main.m in Sources */,
			);
			runOnlyForDeploymentPostprocessing = 0;
		};
		30C4A43219B5FF74006B9E0D /* Sources */ = {
			isa = PBXSourcesBuildPhase;
			buildActionMask = 2147483647;
			files = (
				30C4A44419B5FF74006B9E0D /* df360Tests.m in Sources */,
			);
			runOnlyForDeploymentPostprocessing = 0;
		};
/* End PBXSourcesBuildPhase section */

/* Begin PBXTargetDependency section */
		30C4A43C19B5FF74006B9E0D /* PBXTargetDependency */ = {
			isa = PBXTargetDependency;
			target = 30C4A41419B5FF74006B9E0D /* df360 */;
			targetProxy = 30C4A43B19B5FF74006B9E0D /* PBXContainerItemProxy */;
		};
/* End PBXTargetDependency section */

/* Begin PBXVariantGroup section */
		30C4A42119B5FF74006B9E0D /* InfoPlist.strings */ = {
			isa = PBXVariantGroup;
			children = (
				30C4A42219B5FF74006B9E0D /* en */,
			);
			name = InfoPlist.strings;
			sourceTree = "<group>";
		};
		30C4A42A19B5FF74006B9E0D /* Main.storyboard */ = {
			isa = PBXVariantGroup;
			children = (
				30C4A42B19B5FF74006B9E0D /* Base */,
			);
			name = Main.storyboard;
			sourceTree = "<group>";
		};
		30C4A44019B5FF74006B9E0D /* InfoPlist.strings */ = {
			isa = PBXVariantGroup;
			children = (
				30C4A44119B5FF74006B9E0D /* en */,
			);
			name = InfoPlist.strings;
			sourceTree = "<group>";
		};
		30D79A3419C6B71B007F110D /* RefreshLocal.strings */ = {
			isa = PBXVariantGroup;
			children = (
				30D79A3519C6B71B007F110D /* zh-Hans */,
			);
			name = RefreshLocal.strings;
			sourceTree = "<group>";
		};
/* End PBXVariantGroup section */

/* Begin XCBuildConfiguration section */
		30C4A44519B5FF74006B9E0D /* Debug */ = {
			isa = XCBuildConfiguration;
			buildSettings = {
				ALWAYS_SEARCH_USER_PATHS = NO;
				CLANG_CXX_LANGUAGE_STANDARD = "gnu++0x";
				CLANG_CXX_LIBRARY = "libc++";
				CLANG_ENABLE_MODULES = YES;
				CLANG_ENABLE_OBJC_ARC = YES;
				CLANG_WARN_BOOL_CONVERSION = YES;
				CLANG_WARN_CONSTANT_CONVERSION = YES;
				CLANG_WARN_DIRECT_OBJC_ISA_USAGE = YES_ERROR;
				CLANG_WARN_EMPTY_BODY = YES;
				CLANG_WARN_ENUM_CONVERSION = YES;
				CLANG_WARN_INT_CONVERSION = YES;
				CLANG_WARN_OBJC_ROOT_CLASS = YES_ERROR;
				CLANG_WARN__DUPLICATE_METHOD_MATCH = YES;
				CODE_SIGN_IDENTITY = "iPhone Distribution: he qi (25U53MAW9B)";
				"CODE_SIGN_IDENTITY[sdk=iphoneos*]" = "iPhone Distribution: he qi (25U53MAW9B)";
				COPY_PHASE_STRIP = NO;
				GCC_C_LANGUAGE_STANDARD = gnu99;
				GCC_DYNAMIC_NO_PIC = NO;
				GCC_OPTIMIZATION_LEVEL = 0;
				GCC_PREPROCESSOR_DEFINITIONS = (
					"DEBUG=1",
					"$(inherited)",
				);
				GCC_SYMBOLS_PRIVATE_EXTERN = NO;
				GCC_WARN_64_TO_32_BIT_CONVERSION = YES;
				GCC_WARN_ABOUT_RETURN_TYPE = YES_ERROR;
				GCC_WARN_UNDECLARED_SELECTOR = YES;
				GCC_WARN_UNINITIALIZED_AUTOS = YES_AGGRESSIVE;
				GCC_WARN_UNUSED_FUNCTION = YES;
				GCC_WARN_UNUSED_VARIABLE = YES;
				IPHONEOS_DEPLOYMENT_TARGET = 7.1;
				ONLY_ACTIVE_ARCH = NO;
				PROVISIONING_PROFILE = "9e5fdc7e-83d2-468e-a4be-51d24a529f08";
				SDKROOT = iphoneos;
				VALID_ARCHS = "armv7s armv7";
			};
			name = Debug;
		};
		30C4A44619B5FF74006B9E0D /* Release */ = {
			isa = XCBuildConfiguration;
			buildSettings = {
				ALWAYS_SEARCH_USER_PATHS = NO;
				CLANG_CXX_LANGUAGE_STANDARD = "gnu++0x";
				CLANG_CXX_LIBRARY = "libc++";
				CLANG_ENABLE_MODULES = YES;
				CLANG_ENABLE_OBJC_ARC = YES;
				CLANG_WARN_BOOL_CONVERSION = YES;
				CLANG_WARN_CONSTANT_CONVERSION = YES;
				CLANG_WARN_DIRECT_OBJC_ISA_USAGE = YES_ERROR;
				CLANG_WARN_EMPTY_BODY = YES;
				CLANG_WARN_ENUM_CONVERSION = YES;
				CLANG_WARN_INT_CONVERSION = YES;
				CLANG_WARN_OBJC_ROOT_CLASS = YES_ERROR;
				CLANG_WARN__DUPLICATE_METHOD_MATCH = YES;
				CODE_SIGN_IDENTITY = "iPhone Distribution: he qi (25U53MAW9B)";
				"CODE_SIGN_IDENTITY[sdk=iphoneos*]" = "iPhone Distribution: he qi (25U53MAW9B)";
				COPY_PHASE_STRIP = YES;
				ENABLE_NS_ASSERTIONS = NO;
				GCC_C_LANGUAGE_STANDARD = gnu99;
				GCC_WARN_64_TO_32_BIT_CONVERSION = YES;
				GCC_WARN_ABOUT_RETURN_TYPE = YES_ERROR;
				GCC_WARN_UNDECLARED_SELECTOR = YES;
				GCC_WARN_UNINITIALIZED_AUTOS = YES_AGGRESSIVE;
				GCC_WARN_UNUSED_FUNCTION = YES;
				GCC_WARN_UNUSED_VARIABLE = YES;
				IPHONEOS_DEPLOYMENT_TARGET = 7.1;
				ONLY_ACTIVE_ARCH = NO;
				PROVISIONING_PROFILE = "9e5fdc7e-83d2-468e-a4be-51d24a529f08";
				SDKROOT = iphoneos;
				VALIDATE_PRODUCT = YES;
				VALID_ARCHS = "armv7s armv7";
			};
			name = Release;
		};
		30C4A44819B5FF74006B9E0D /* Debug */ = {
			isa = XCBuildConfiguration;
			baseConfigurationReference = 5A64997A877349659A8A9081 /* Pods.xcconfig */;
			buildSettings = {
				ASSETCATALOG_COMPILER_APPICON_NAME = AppIcon;
				ASSETCATALOG_COMPILER_LAUNCHIMAGE_NAME = LaunchImage;
				CODE_SIGN_IDENTITY = "iPhone Distribution: he qi (25U53MAW9B)";
				"CODE_SIGN_IDENTITY[sdk=iphoneos*]" = "iPhone Distribution: he qi (25U53MAW9B)";
				GCC_PRECOMPILE_PREFIX_HEADER = YES;
				GCC_PREFIX_HEADER = "df360/df360-Prefix.pch";
				INFOPLIST_FILE = "df360/df360-Info.plist";
				IPHONEOS_DEPLOYMENT_TARGET = 6.1;
				LIBRARY_SEARCH_PATHS = (
					"$(inherited)",
					"$(PROJECT_DIR)/df360",
				);
				PRODUCT_NAME = "$(TARGET_NAME)";
				PROVISIONING_PROFILE = "9e5fdc7e-83d2-468e-a4be-51d24a529f08";
				VALID_ARCHS = "armv7 armv7s";
				WRAPPER_EXTENSION = app;
			};
			name = Debug;
		};
		30C4A44919B5FF74006B9E0D /* Release */ = {
			isa = XCBuildConfiguration;
			baseConfigurationReference = 5A64997A877349659A8A9081 /* Pods.xcconfig */;
			buildSettings = {
				ASSETCATALOG_COMPILER_APPICON_NAME = AppIcon;
				ASSETCATALOG_COMPILER_LAUNCHIMAGE_NAME = LaunchImage;
				CODE_SIGN_IDENTITY = "iPhone Distribution: he qi (25U53MAW9B)";
				"CODE_SIGN_IDENTITY[sdk=iphoneos*]" = "iPhone Distribution: he qi (25U53MAW9B)";
				GCC_PRECOMPILE_PREFIX_HEADER = YES;
				GCC_PREFIX_HEADER = "df360/df360-Prefix.pch";
				INFOPLIST_FILE = "df360/df360-Info.plist";
				IPHONEOS_DEPLOYMENT_TARGET = 6.1;
				LIBRARY_SEARCH_PATHS = (
					"$(inherited)",
					"$(PROJECT_DIR)/df360",
				);
				PRODUCT_NAME = "$(TARGET_NAME)";
				PROVISIONING_PROFILE = "9e5fdc7e-83d2-468e-a4be-51d24a529f08";
				VALID_ARCHS = "armv7 armv7s";
				WRAPPER_EXTENSION = app;
			};
			name = Release;
		};
		30C4A44B19B5FF74006B9E0D /* Debug */ = {
			isa = XCBuildConfiguration;
			buildSettings = {
				BUNDLE_LOADER = "$(BUILT_PRODUCTS_DIR)/df360.app/df360";
				FRAMEWORK_SEARCH_PATHS = (
					"$(SDKROOT)/Developer/Library/Frameworks",
					"$(inherited)",
					"$(DEVELOPER_FRAMEWORKS_DIR)",
				);
				GCC_PRECOMPILE_PREFIX_HEADER = YES;
				GCC_PREFIX_HEADER = "df360/df360-Prefix.pch";
				GCC_PREPROCESSOR_DEFINITIONS = (
					"DEBUG=1",
					"$(inherited)",
				);
				INFOPLIST_FILE = "df360Tests/df360Tests-Info.plist";
				PRODUCT_NAME = "$(TARGET_NAME)";
				TEST_HOST = "$(BUNDLE_LOADER)";
				WRAPPER_EXTENSION = xctest;
			};
			name = Debug;
		};
		30C4A44C19B5FF74006B9E0D /* Release */ = {
			isa = XCBuildConfiguration;
			buildSettings = {
				BUNDLE_LOADER = "$(BUILT_PRODUCTS_DIR)/df360.app/df360";
				FRAMEWORK_SEARCH_PATHS = (
					"$(SDKROOT)/Developer/Library/Frameworks",
					"$(inherited)",
					"$(DEVELOPER_FRAMEWORKS_DIR)",
				);
				GCC_PRECOMPILE_PREFIX_HEADER = YES;
				GCC_PREFIX_HEADER = "df360/df360-Prefix.pch";
				INFOPLIST_FILE = "df360Tests/df360Tests-Info.plist";
				PRODUCT_NAME = "$(TARGET_NAME)";
				TEST_HOST = "$(BUNDLE_LOADER)";
				WRAPPER_EXTENSION = xctest;
			};
			name = Release;
		};
/* End XCBuildConfiguration section */

/* Begin XCConfigurationList section */
		30C4A41019B5FF74006B9E0D /* Build configuration list for PBXProject "df360" */ = {
			isa = XCConfigurationList;
			buildConfigurations = (
				30C4A44519B5FF74006B9E0D /* Debug */,
				30C4A44619B5FF74006B9E0D /* Release */,
			);
			defaultConfigurationIsVisible = 0;
			defaultConfigurationName = Release;
		};
		30C4A44719B5FF74006B9E0D /* Build configuration list for PBXNativeTarget "df360" */ = {
			isa = XCConfigurationList;
			buildConfigurations = (
				30C4A44819B5FF74006B9E0D /* Debug */,
				30C4A44919B5FF74006B9E0D /* Release */,
			);
			defaultConfigurationIsVisible = 0;
			defaultConfigurationName = Release;
		};
		30C4A44A19B5FF74006B9E0D /* Build configuration list for PBXNativeTarget "df360Tests" */ = {
			isa = XCConfigurationList;
			buildConfigurations = (
				30C4A44B19B5FF74006B9E0D /* Debug */,
				30C4A44C19B5FF74006B9E0D /* Release */,
			);
			defaultConfigurationIsVisible = 0;
			defaultConfigurationName = Release;
		};
/* End XCConfigurationList section */
	};
	rootObject = 30C4A40D19B5FF74006B9E0D /* Project object */;
}
